PODS:
  - AFNetworking (2.5.4):
    - AFNetworking/NSURLConnection (= 2.5.4)
    - AFNetworking/NSURLSession (= 2.5.4)
    - AFNetworking/Reachability (= 2.5.4)
    - AFNetworking/Security (= 2.5.4)
    - AFNetworking/Serialization (= 2.5.4)
    - AFNetworking/UIKit (= 2.5.4)
  - AFNetworking/NSURLConnection (2.5.4):
    - AFNetworking/Reachability
    - AFNetworking/Security
    - AFNetworking/Serialization
  - AFNetworking/NSURLSession (2.5.4):
    - AFNetworking/Reachability
    - AFNetworking/Security
    - AFNetworking/Serialization
  - AFNetworking/Reachability (2.5.4)
  - AFNetworking/Security (2.5.4)
  - AFNetworking/Serialization (2.5.4)
  - AFNetworking/UIKit (2.5.4):
    - AFNetworking/NSURLConnection
    - AFNetworking/NSURLSession
  - AVOSCloud (3.2.7)
  - AVOSCloudSNS (3.1.2.9):
    - AVOSCloud
  - DDBrick (1.0):
    - JSONModel
    - Masonry
  - HexColors (2.2.1)
  - JSONModel (1.2.0)
  - Masonry (1.0.0)
  - PXAlertView (0.1.1)
  - SVProgressHUD (2.0.3)
  - TSMessages (0.9.12):
    - HexColors (~> 2.2.0)
  - UMengAnalytics (3.6.6)
  - UMengFeedback (2.3.4)
  - UMengMessage (1.1.0.2)
  - WANetwork (0.2):
    - AFNetworking (~> 2.5)
    - DDBrick
    - PXAlertView
    - SVProgressHUD

DEPENDENCIES:
  - AVOSCloud
  - AVOSCloudSNS
  - DDBrick
  - TSMessages
  - UMengAnalytics
  - UMengFeedback
  - UMengMessage
  - WANetwork (from `https://raw.githubusercontent.com/amoblin/WANetwork/master/WANetwork.podspec`)

EXTERNAL SOURCES:
  WANetwork:
    :podspec: https://raw.githubusercontent.com/amoblin/WANetwork/master/WANetwork.podspec

SPEC CHECKSUMS:
  AFNetworking: 05edc0ac4c4c8cf57bcf4b84be5b0744b6d8e71e
  AVOSCloud: 957d1508104d7c8ed501df9d9b734d7a98c2e047
  AVOSCloudSNS: 4f9f1df8663fc7bfa76b9b38578ac535d275ee8f
  DDBrick: 718ba5ddeb856bc5220e7c9e687c46c289db29d6
  HexColors: abfd172e329dab59888614ccba6f216cec59289d
  JSONModel: 12523685c4b623553ccf844bbbf7007624317b2c
  Masonry: b529bb169217897b6354d4b56b1fada6d475b13d
  PXAlertView: bb8a7e6bb95f73fe3fe091cacd279b683460f084
  SVProgressHUD: b0830714205bea1317ea1a2ebc71e5633af334d4
  TSMessages: c8cc7b80f2a833af533872cd02010cac061532cc
  UMengAnalytics: 4bf831415146b9c57cb10be65fbd43462ef8cf65
  UMengFeedback: 5283cc0e324dffca4dd54c4abb3cbded56487817
  UMengMessage: 48fac77da8a71729c3d9c40eed16151d8917d9b3
  WANetwork: 767203a3746406fda2ef4453f41a307092f68a92

COCOAPODS: 0.39.0
