PODS:
  - AFNetworking (2.5.4):
    - AFNetworking/NSURLConnection (= 2.5.4)
    - AFNetworking/NSURLSession (= 2.5.4)
    - AFNetworking/Reachability (= 2.5.4)
    - AFNetworking/Security (= 2.5.4)
    - AFNetworking/Serialization (= 2.5.4)
    - AFNetworking/UIKit (= 2.5.4)
  - AFNetworking/NSURLConnection (2.5.4):
    - AFNetworking/Reachability
    - AFNetworking/Security
    - AFNetworking/Serialization
  - AFNetworking/NSURLSession (2.5.4):
    - AFNetworking/Reachability
    - AFNetworking/Security
    - AFNetworking/Serialization
  - AFNetworking/Reachability (2.5.4)
  - AFNetworking/Security (2.5.4)
  - AFNetworking/Serialization (2.5.4)
  - AFNetworking/UIKit (2.5.4):
    - AFNetworking/NSURLConnection
    - AFNetworking/NSURLSession
  - AVOSCloud (3.2.7)
  - AVOSCloudSNS (3.1.2.9):
    - AVOSCloud
  - BlockRSSParser (2.1):
    - AFNetworking (~> 2.0)
  - HexColors (2.2.1)
  - JSONModel (1.2.0)
  - Masonry (0.6.4)
  - PXAlertView (0.1.1)
  - ReactiveCocoa (2.5):
    - ReactiveCocoa/UI (= 2.5)
  - ReactiveCocoa/Core (2.5):
    - ReactiveCocoa/no-arc
  - ReactiveCocoa/no-arc (2.5)
  - ReactiveCocoa/UI (2.5):
    - ReactiveCocoa/Core
  - ReactiveViewModel (0.3):
    - ReactiveCocoa (~> 2.4)
  - SVProgressHUD (2.0)
  - TPKeyboardAvoiding (1.3)
  - TSMessages (0.9.12):
    - HexColors (~> 2.2.0)
  - UMengAnalytics (3.6.6)
  - UMengFeedback (2.3.4)
  - UMengMessage (1.1.0.2)
  - WABrick (1.0):
    - AFNetworking
    - BlockRSSParser
    - JSONModel
    - Masonry
    - PXAlertView
    - ReactiveCocoa
    - SVProgressHUD
    - TPKeyboardAvoiding
    - XMLDictionary
  - XMLDictionary (1.4)

DEPENDENCIES:
  - AFNetworking
  - AVOSCloud
  - AVOSCloudSNS
  - Masonry
  - PXAlertView
  - ReactiveCocoa
  - ReactiveViewModel
  - SVProgressHUD
  - TSMessages
  - UMengAnalytics
  - UMengFeedback
  - UMengMessage
  - WABrick (from `../../Marboo/WABrick`)

EXTERNAL SOURCES:
  WABrick:
    :path: "../../Marboo/WABrick"

SPEC CHECKSUMS:
  AFNetworking: 05edc0ac4c4c8cf57bcf4b84be5b0744b6d8e71e
  AVOSCloud: 957d1508104d7c8ed501df9d9b734d7a98c2e047
  AVOSCloudSNS: 4f9f1df8663fc7bfa76b9b38578ac535d275ee8f
  BlockRSSParser: aedf3ab9a6c92f8d0881b9415fe88b5e136ab174
  HexColors: abfd172e329dab59888614ccba6f216cec59289d
  JSONModel: 12523685c4b623553ccf844bbbf7007624317b2c
  Masonry: 281802d04d787ea2973179ee8bcb50500579ede2
  PXAlertView: bb8a7e6bb95f73fe3fe091cacd279b683460f084
  ReactiveCocoa: e2db045570aa97c695e7aa97c2bcab222ae51f4a
  ReactiveViewModel: 58918dcbcec2d3151195ab1ed9163c57a8163999
  SVProgressHUD: e9e7c893686a20da55a28015ed384d9425e15479
  TPKeyboardAvoiding: a5138f318c06fb3e151f886e18ce4a72695d9cbe
  TSMessages: c8cc7b80f2a833af533872cd02010cac061532cc
  UMengAnalytics: 4bf831415146b9c57cb10be65fbd43462ef8cf65
  UMengFeedback: 5283cc0e324dffca4dd54c4abb3cbded56487817
  UMengMessage: 48fac77da8a71729c3d9c40eed16151d8917d9b3
  WABrick: 3a45217afca1598262dd44b0cb4cf048b3c3161e
  XMLDictionary: f9f51601ba76678b594ab485f2b00ec1fed23724

COCOAPODS: 0.39.0
