// !$*UTF8*$!
{
	archiveVersion = 1;
	classes = {
	};
	objectVersion = 46;
	objects = {

/* Begin PBXBuildFile section */
		ADA1062402CB48B79EE619A4 /* libPods.a in Frameworks */ = {isa = PBXBuildFile; fileRef = C19C32FB76D74988964FFD1F /* libPods.a */; };
		DA20CF7119E77EFD00CD179B /* Localizable.strings in Resources */ = {isa = PBXBuildFile; fileRef = DA20CF7319E77EFD00CD179B /* Localizable.strings */; };
		DA20CF8719E986C300CD179B /* MFUtils.m in Sources */ = {isa = PBXBuildFile; fileRef = DA20CF8619E986C300CD179B /* MFUtils.m */; };
		DA2EF15C18EFB6C300DC1617 /* AVFoundation.framework in Frameworks */ = {isa = PBXBuildFile; fileRef = DA2EF15B18EFB6C300DC1617 /* AVFoundation.framework */; };
		DA2EF1B618EFB89800DC1617 /* a0.mp3 in Resources */ = {isa = PBXBuildFile; fileRef = DA2EF15E18EFB89800DC1617 /* a0.mp3 */; };
		DA2EF1B718EFB89800DC1617 /* a0m.mp3 in Resources */ = {isa = PBXBuildFile; fileRef = DA2EF15F18EFB89800DC1617 /* a0m.mp3 */; };
		DA2EF1B818EFB89800DC1617 /* a1.mp3 in Resources */ = {isa = PBXBuildFile; fileRef = DA2EF16018EFB89800DC1617 /* a1.mp3 */; };
		DA2EF1B918EFB89800DC1617 /* a1m.mp3 in Resources */ = {isa = PBXBuildFile; fileRef = DA2EF16118EFB89800DC1617 /* a1m.mp3 */; };
		DA2EF1BA18EFB89800DC1617 /* a2.mp3 in Resources */ = {isa = PBXBuildFile; fileRef = DA2EF16218EFB89800DC1617 /* a2.mp3 */; };
		DA2EF1BB18EFB89800DC1617 /* a2m.mp3 in Resources */ = {isa = PBXBuildFile; fileRef = DA2EF16318EFB89800DC1617 /* a2m.mp3 */; };
		DA2EF1BC18EFB89800DC1617 /* a3.mp3 in Resources */ = {isa = PBXBuildFile; fileRef = DA2EF16418EFB89800DC1617 /* a3.mp3 */; };
		DA2EF1BD18EFB89800DC1617 /* a3m.mp3 in Resources */ = {isa = PBXBuildFile; fileRef = DA2EF16518EFB89800DC1617 /* a3m.mp3 */; };
		DA2EF1BE18EFB89800DC1617 /* a4.mp3 in Resources */ = {isa = PBXBuildFile; fileRef = DA2EF16618EFB89800DC1617 /* a4.mp3 */; };
		DA2EF1BF18EFB89800DC1617 /* a4m.mp3 in Resources */ = {isa = PBXBuildFile; fileRef = DA2EF16718EFB89800DC1617 /* a4m.mp3 */; };
		DA2EF1C018EFB89800DC1617 /* a5.mp3 in Resources */ = {isa = PBXBuildFile; fileRef = DA2EF16818EFB89800DC1617 /* a5.mp3 */; };
		DA2EF1C118EFB89800DC1617 /* a5m.mp3 in Resources */ = {isa = PBXBuildFile; fileRef = DA2EF16918EFB89800DC1617 /* a5m.mp3 */; };
		DA2EF1C218EFB89800DC1617 /* a6.mp3 in Resources */ = {isa = PBXBuildFile; fileRef = DA2EF16A18EFB89800DC1617 /* a6.mp3 */; };
		DA2EF1C318EFB89800DC1617 /* a6m.mp3 in Resources */ = {isa = PBXBuildFile; fileRef = DA2EF16B18EFB89800DC1617 /* a6m.mp3 */; };
		DA2EF1C418EFB89800DC1617 /* a7.mp3 in Resources */ = {isa = PBXBuildFile; fileRef = DA2EF16C18EFB89800DC1617 /* a7.mp3 */; };
		DA2EF1C518EFB89800DC1617 /* a7m.mp3 in Resources */ = {isa = PBXBuildFile; fileRef = DA2EF16D18EFB89800DC1617 /* a7m.mp3 */; };
		DA2EF1C618EFB89800DC1617 /* b0.mp3 in Resources */ = {isa = PBXBuildFile; fileRef = DA2EF16E18EFB89800DC1617 /* b0.mp3 */; };
		DA2EF1C718EFB89800DC1617 /* b1.mp3 in Resources */ = {isa = PBXBuildFile; fileRef = DA2EF16F18EFB89800DC1617 /* b1.mp3 */; };
		DA2EF1C818EFB89800DC1617 /* b2.mp3 in Resources */ = {isa = PBXBuildFile; fileRef = DA2EF17018EFB89800DC1617 /* b2.mp3 */; };
		DA2EF1C918EFB89800DC1617 /* b3.mp3 in Resources */ = {isa = PBXBuildFile; fileRef = DA2EF17118EFB89800DC1617 /* b3.mp3 */; };
		DA2EF1CA18EFB89800DC1617 /* b4.mp3 in Resources */ = {isa = PBXBuildFile; fileRef = DA2EF17218EFB89800DC1617 /* b4.mp3 */; };
		DA2EF1CB18EFB89800DC1617 /* b5.mp3 in Resources */ = {isa = PBXBuildFile; fileRef = DA2EF17318EFB89800DC1617 /* b5.mp3 */; };
		DA2EF1CC18EFB89800DC1617 /* b6.mp3 in Resources */ = {isa = PBXBuildFile; fileRef = DA2EF17418EFB89800DC1617 /* b6.mp3 */; };
		DA2EF1CD18EFB89800DC1617 /* b7.mp3 in Resources */ = {isa = PBXBuildFile; fileRef = DA2EF17518EFB89800DC1617 /* b7.mp3 */; };
		DA2EF1CE18EFB89800DC1617 /* c1.mp3 in Resources */ = {isa = PBXBuildFile; fileRef = DA2EF17618EFB89800DC1617 /* c1.mp3 */; };
		DA2EF1CF18EFB89800DC1617 /* c1m.mp3 in Resources */ = {isa = PBXBuildFile; fileRef = DA2EF17718EFB89800DC1617 /* c1m.mp3 */; };
		DA2EF1D018EFB89800DC1617 /* c2.mp3 in Resources */ = {isa = PBXBuildFile; fileRef = DA2EF17818EFB89800DC1617 /* c2.mp3 */; };
		DA2EF1D118EFB89800DC1617 /* c2m.mp3 in Resources */ = {isa = PBXBuildFile; fileRef = DA2EF17918EFB89800DC1617 /* c2m.mp3 */; };
		DA2EF1D218EFB89800DC1617 /* c3.mp3 in Resources */ = {isa = PBXBuildFile; fileRef = DA2EF17A18EFB89800DC1617 /* c3.mp3 */; };
		DA2EF1D318EFB89800DC1617 /* c3m.mp3 in Resources */ = {isa = PBXBuildFile; fileRef = DA2EF17B18EFB89800DC1617 /* c3m.mp3 */; };
		DA2EF1D418EFB89800DC1617 /* c4.mp3 in Resources */ = {isa = PBXBuildFile; fileRef = DA2EF17C18EFB89800DC1617 /* c4.mp3 */; };
		DA2EF1D518EFB89800DC1617 /* c4m.mp3 in Resources */ = {isa = PBXBuildFile; fileRef = DA2EF17D18EFB89800DC1617 /* c4m.mp3 */; };
		DA2EF1D618EFB89800DC1617 /* c5.mp3 in Resources */ = {isa = PBXBuildFile; fileRef = DA2EF17E18EFB89800DC1617 /* c5.mp3 */; };
		DA2EF1D718EFB89800DC1617 /* c5m.mp3 in Resources */ = {isa = PBXBuildFile; fileRef = DA2EF17F18EFB89800DC1617 /* c5m.mp3 */; };
		DA2EF1D818EFB89800DC1617 /* c6.mp3 in Resources */ = {isa = PBXBuildFile; fileRef = DA2EF18018EFB89800DC1617 /* c6.mp3 */; };
		DA2EF1D918EFB89800DC1617 /* c6m.mp3 in Resources */ = {isa = PBXBuildFile; fileRef = DA2EF18118EFB89800DC1617 /* c6m.mp3 */; };
		DA2EF1DA18EFB89800DC1617 /* c7.mp3 in Resources */ = {isa = PBXBuildFile; fileRef = DA2EF18218EFB89800DC1617 /* c7.mp3 */; };
		DA2EF1DB18EFB89800DC1617 /* c7m.mp3 in Resources */ = {isa = PBXBuildFile; fileRef = DA2EF18318EFB89800DC1617 /* c7m.mp3 */; };
		DA2EF1DC18EFB89800DC1617 /* c8.mp3 in Resources */ = {isa = PBXBuildFile; fileRef = DA2EF18418EFB89800DC1617 /* c8.mp3 */; };
		DA2EF1DD18EFB89800DC1617 /* d1.mp3 in Resources */ = {isa = PBXBuildFile; fileRef = DA2EF18518EFB89800DC1617 /* d1.mp3 */; };
		DA2EF1DE18EFB89800DC1617 /* d1m.mp3 in Resources */ = {isa = PBXBuildFile; fileRef = DA2EF18618EFB89800DC1617 /* d1m.mp3 */; };
		DA2EF1DF18EFB89800DC1617 /* d2.mp3 in Resources */ = {isa = PBXBuildFile; fileRef = DA2EF18718EFB89800DC1617 /* d2.mp3 */; };
		DA2EF1E018EFB89800DC1617 /* d2m.mp3 in Resources */ = {isa = PBXBuildFile; fileRef = DA2EF18818EFB89800DC1617 /* d2m.mp3 */; };
		DA2EF1E118EFB89800DC1617 /* d3.mp3 in Resources */ = {isa = PBXBuildFile; fileRef = DA2EF18918EFB89800DC1617 /* d3.mp3 */; };
		DA2EF1E218EFB89800DC1617 /* d3m.mp3 in Resources */ = {isa = PBXBuildFile; fileRef = DA2EF18A18EFB89800DC1617 /* d3m.mp3 */; };
		DA2EF1E318EFB89800DC1617 /* d4.mp3 in Resources */ = {isa = PBXBuildFile; fileRef = DA2EF18B18EFB89800DC1617 /* d4.mp3 */; };
		DA2EF1E418EFB89800DC1617 /* d4m.mp3 in Resources */ = {isa = PBXBuildFile; fileRef = DA2EF18C18EFB89800DC1617 /* d4m.mp3 */; };
		DA2EF1E518EFB89800DC1617 /* d5.mp3 in Resources */ = {isa = PBXBuildFile; fileRef = DA2EF18D18EFB89800DC1617 /* d5.mp3 */; };
		DA2EF1E618EFB89800DC1617 /* d5m.mp3 in Resources */ = {isa = PBXBuildFile; fileRef = DA2EF18E18EFB89800DC1617 /* d5m.mp3 */; };
		DA2EF1E718EFB89800DC1617 /* d6.mp3 in Resources */ = {isa = PBXBuildFile; fileRef = DA2EF18F18EFB89800DC1617 /* d6.mp3 */; };
		DA2EF1E818EFB89800DC1617 /* d6m.mp3 in Resources */ = {isa = PBXBuildFile; fileRef = DA2EF19018EFB89800DC1617 /* d6m.mp3 */; };
		DA2EF1E918EFB89800DC1617 /* d7.mp3 in Resources */ = {isa = PBXBuildFile; fileRef = DA2EF19118EFB89800DC1617 /* d7.mp3 */; };
		DA2EF1EA18EFB89800DC1617 /* d7m.mp3 in Resources */ = {isa = PBXBuildFile; fileRef = DA2EF19218EFB89800DC1617 /* d7m.mp3 */; };
		DA2EF1EB18EFB89800DC1617 /* e1.mp3 in Resources */ = {isa = PBXBuildFile; fileRef = DA2EF19318EFB89800DC1617 /* e1.mp3 */; };
		DA2EF1EC18EFB89800DC1617 /* e2.mp3 in Resources */ = {isa = PBXBuildFile; fileRef = DA2EF19418EFB89800DC1617 /* e2.mp3 */; };
		DA2EF1ED18EFB89800DC1617 /* e3.mp3 in Resources */ = {isa = PBXBuildFile; fileRef = DA2EF19518EFB89800DC1617 /* e3.mp3 */; };
		DA2EF1EE18EFB89800DC1617 /* e4.mp3 in Resources */ = {isa = PBXBuildFile; fileRef = DA2EF19618EFB89800DC1617 /* e4.mp3 */; };
		DA2EF1EF18EFB89800DC1617 /* e5.mp3 in Resources */ = {isa = PBXBuildFile; fileRef = DA2EF19718EFB89800DC1617 /* e5.mp3 */; };
		DA2EF1F018EFB89800DC1617 /* e6.mp3 in Resources */ = {isa = PBXBuildFile; fileRef = DA2EF19818EFB89800DC1617 /* e6.mp3 */; };
		DA2EF1F118EFB89800DC1617 /* e7.mp3 in Resources */ = {isa = PBXBuildFile; fileRef = DA2EF19918EFB89800DC1617 /* e7.mp3 */; };
		DA2EF1F218EFB89800DC1617 /* f1.mp3 in Resources */ = {isa = PBXBuildFile; fileRef = DA2EF19A18EFB89800DC1617 /* f1.mp3 */; };
		DA2EF1F318EFB89800DC1617 /* f1m.mp3 in Resources */ = {isa = PBXBuildFile; fileRef = DA2EF19B18EFB89800DC1617 /* f1m.mp3 */; };
		DA2EF1F418EFB89800DC1617 /* f2.mp3 in Resources */ = {isa = PBXBuildFile; fileRef = DA2EF19C18EFB89800DC1617 /* f2.mp3 */; };
		DA2EF1F518EFB89800DC1617 /* f2m.mp3 in Resources */ = {isa = PBXBuildFile; fileRef = DA2EF19D18EFB89800DC1617 /* f2m.mp3 */; };
		DA2EF1F618EFB89800DC1617 /* f3.mp3 in Resources */ = {isa = PBXBuildFile; fileRef = DA2EF19E18EFB89800DC1617 /* f3.mp3 */; };
		DA2EF1F718EFB89800DC1617 /* f3m.mp3 in Resources */ = {isa = PBXBuildFile; fileRef = DA2EF19F18EFB89800DC1617 /* f3m.mp3 */; };
		DA2EF1F818EFB89800DC1617 /* f4.mp3 in Resources */ = {isa = PBXBuildFile; fileRef = DA2EF1A018EFB89800DC1617 /* f4.mp3 */; };
		DA2EF1F918EFB89800DC1617 /* f4m.mp3 in Resources */ = {isa = PBXBuildFile; fileRef = DA2EF1A118EFB89800DC1617 /* f4m.mp3 */; };
		DA2EF1FA18EFB89800DC1617 /* f5.mp3 in Resources */ = {isa = PBXBuildFile; fileRef = DA2EF1A218EFB89800DC1617 /* f5.mp3 */; };
		DA2EF1FB18EFB89800DC1617 /* f5m.mp3 in Resources */ = {isa = PBXBuildFile; fileRef = DA2EF1A318EFB89800DC1617 /* f5m.mp3 */; };
		DA2EF1FC18EFB89800DC1617 /* f6.mp3 in Resources */ = {isa = PBXBuildFile; fileRef = DA2EF1A418EFB89800DC1617 /* f6.mp3 */; };
		DA2EF1FD18EFB89800DC1617 /* f6m.mp3 in Resources */ = {isa = PBXBuildFile; fileRef = DA2EF1A518EFB89800DC1617 /* f6m.mp3 */; };
		DA2EF1FE18EFB89800DC1617 /* f7.mp3 in Resources */ = {isa = PBXBuildFile; fileRef = DA2EF1A618EFB89800DC1617 /* f7.mp3 */; };
		DA2EF1FF18EFB89800DC1617 /* f7m.mp3 in Resources */ = {isa = PBXBuildFile; fileRef = DA2EF1A718EFB89800DC1617 /* f7m.mp3 */; };
		DA2EF20018EFB89800DC1617 /* g1.mp3 in Resources */ = {isa = PBXBuildFile; fileRef = DA2EF1A818EFB89800DC1617 /* g1.mp3 */; };
		DA2EF20118EFB89800DC1617 /* g1m.mp3 in Resources */ = {isa = PBXBuildFile; fileRef = DA2EF1A918EFB89800DC1617 /* g1m.mp3 */; };
		DA2EF20218EFB89800DC1617 /* g2.mp3 in Resources */ = {isa = PBXBuildFile; fileRef = DA2EF1AA18EFB89800DC1617 /* g2.mp3 */; };
		DA2EF20318EFB89800DC1617 /* g2m.mp3 in Resources */ = {isa = PBXBuildFile; fileRef = DA2EF1AB18EFB89800DC1617 /* g2m.mp3 */; };
		DA2EF20418EFB89800DC1617 /* g3.mp3 in Resources */ = {isa = PBXBuildFile; fileRef = DA2EF1AC18EFB89800DC1617 /* g3.mp3 */; };
		DA2EF20518EFB89800DC1617 /* g3m.mp3 in Resources */ = {isa = PBXBuildFile; fileRef = DA2EF1AD18EFB89800DC1617 /* g3m.mp3 */; };
		DA2EF20618EFB89800DC1617 /* g4.mp3 in Resources */ = {isa = PBXBuildFile; fileRef = DA2EF1AE18EFB89800DC1617 /* g4.mp3 */; };
		DA2EF20718EFB89800DC1617 /* g4m.mp3 in Resources */ = {isa = PBXBuildFile; fileRef = DA2EF1AF18EFB89800DC1617 /* g4m.mp3 */; };
		DA2EF20818EFB89800DC1617 /* g5.mp3 in Resources */ = {isa = PBXBuildFile; fileRef = DA2EF1B018EFB89800DC1617 /* g5.mp3 */; };
		DA2EF20918EFB89800DC1617 /* g5m.mp3 in Resources */ = {isa = PBXBuildFile; fileRef = DA2EF1B118EFB89800DC1617 /* g5m.mp3 */; };
		DA2EF20A18EFB89800DC1617 /* g6.mp3 in Resources */ = {isa = PBXBuildFile; fileRef = DA2EF1B218EFB89800DC1617 /* g6.mp3 */; };
		DA2EF20B18EFB89800DC1617 /* g6m.mp3 in Resources */ = {isa = PBXBuildFile; fileRef = DA2EF1B318EFB89800DC1617 /* g6m.mp3 */; };
		DA2EF20C18EFB89800DC1617 /* g7.mp3 in Resources */ = {isa = PBXBuildFile; fileRef = DA2EF1B418EFB89800DC1617 /* g7.mp3 */; };
		DA2EF20D18EFB89800DC1617 /* g7m.mp3 in Resources */ = {isa = PBXBuildFile; fileRef = DA2EF1B518EFB89800DC1617 /* g7m.mp3 */; };
		DA2EF21218F2472E00DC1617 /* PushConfig.plist in Resources */ = {isa = PBXBuildFile; fileRef = DA2EF21018F244C800DC1617 /* PushConfig.plist */; };
		DA35C8D718D3FD030021BD55 /* MFCollectionViewCell.m in Sources */ = {isa = PBXBuildFile; fileRef = DA35C8D618D3FD030021BD55 /* MFCollectionViewCell.m */; };
		DA35C8DA18D405770021BD55 /* MFTestViewController.m in Sources */ = {isa = PBXBuildFile; fileRef = DA35C8D918D405770021BD55 /* MFTestViewController.m */; };
		DA3E7840197258D30040403F /* star@2x.png in Resources */ = {isa = PBXBuildFile; fileRef = DA3E783F197258D30040403F /* star@2x.png */; };
		DA4020F919126015003D593C /* treble_clef@2x.png in Resources */ = {isa = PBXBuildFile; fileRef = DA4020F819126015003D593C /* treble_clef@2x.png */; };
		DA4020FC19126557003D593C /* MFSettingsTableViewCell.m in Sources */ = {isa = PBXBuildFile; fileRef = DA4020FB19126557003D593C /* MFSettingsTableViewCell.m */; };
		DA41D3FF18ECD43800ED4BD7 /* SLEditableTitleViewController.m in Sources */ = {isa = PBXBuildFile; fileRef = DA41D3FE18ECD43800ED4BD7 /* SLEditableTitleViewController.m */; };
		DA41D40218ECD4E900ED4BD7 /* SLNavigationItem.m in Sources */ = {isa = PBXBuildFile; fileRef = DA41D40118ECD4E900ED4BD7 /* SLNavigationItem.m */; };
		DA45477718E2476E0018874F /* MFSongListViewController.m in Sources */ = {isa = PBXBuildFile; fileRef = DA45477618E2476E0018874F /* MFSongListViewController.m */; };
		DA527CA218D3E623009A825E /* Foundation.framework in Frameworks */ = {isa = PBXBuildFile; fileRef = DA527CA118D3E623009A825E /* Foundation.framework */; };
		DA527CA418D3E623009A825E /* CoreGraphics.framework in Frameworks */ = {isa = PBXBuildFile; fileRef = DA527CA318D3E623009A825E /* CoreGraphics.framework */; };
		DA527CA618D3E623009A825E /* UIKit.framework in Frameworks */ = {isa = PBXBuildFile; fileRef = DA527CA518D3E623009A825E /* UIKit.framework */; };
		DA527CAC18D3E623009A825E /* InfoPlist.strings in Resources */ = {isa = PBXBuildFile; fileRef = DA527CAA18D3E623009A825E /* InfoPlist.strings */; };
		DA527CAE18D3E623009A825E /* main.m in Sources */ = {isa = PBXBuildFile; fileRef = DA527CAD18D3E623009A825E /* main.m */; };
		DA527CB218D3E623009A825E /* MFAppDelegate.m in Sources */ = {isa = PBXBuildFile; fileRef = DA527CB118D3E623009A825E /* MFAppDelegate.m */; };
		DA527CB518D3E623009A825E /* Main_iPhone.storyboard in Resources */ = {isa = PBXBuildFile; fileRef = DA527CB318D3E623009A825E /* Main_iPhone.storyboard */; };
		DA527CBB18D3E623009A825E /* MFViewController.m in Sources */ = {isa = PBXBuildFile; fileRef = DA527CBA18D3E623009A825E /* MFViewController.m */; };
		DA527CBD18D3E623009A825E /* Images.xcassets in Resources */ = {isa = PBXBuildFile; fileRef = DA527CBC18D3E623009A825E /* Images.xcassets */; };
		DA527CC418D3E623009A825E /* XCTest.framework in Frameworks */ = {isa = PBXBuildFile; fileRef = DA527CC318D3E623009A825E /* XCTest.framework */; };
		DA527CC518D3E623009A825E /* Foundation.framework in Frameworks */ = {isa = PBXBuildFile; fileRef = DA527CA118D3E623009A825E /* Foundation.framework */; };
		DA527CC618D3E623009A825E /* UIKit.framework in Frameworks */ = {isa = PBXBuildFile; fileRef = DA527CA518D3E623009A825E /* UIKit.framework */; };
		DA527CCE18D3E623009A825E /* InfoPlist.strings in Resources */ = {isa = PBXBuildFile; fileRef = DA527CCC18D3E623009A825E /* InfoPlist.strings */; };
		DA527CD018D3E623009A825E /* MusicFeelingTests.m in Sources */ = {isa = PBXBuildFile; fileRef = DA527CCF18D3E623009A825E /* MusicFeelingTests.m */; };
		DA6A8673191875890087E640 /* Do Re Mi.k2k.txt in Resources */ = {isa = PBXBuildFile; fileRef = DA6A8672191875890087E640 /* Do Re Mi.k2k.txt */; };
		DA6A87F1191F011C0087E640 /* UIView+AutoLayout.m in Sources */ = {isa = PBXBuildFile; fileRef = DA6A87F0191F011C0087E640 /* UIView+AutoLayout.m */; };
		DA865C3418DD168D00B520FF /* MFSettingViewController.m in Sources */ = {isa = PBXBuildFile; fileRef = DA865C3318DD168D00B520FF /* MFSettingViewController.m */; };
		DA9C809619526A0C0029EF68 /* MFKeyboardView.m in Sources */ = {isa = PBXBuildFile; fileRef = DA9C809519526A0C0029EF68 /* MFKeyboardView.m */; };
		DAA1CAD1190B24F20046AA42 /* MFArrayDataSource.m in Sources */ = {isa = PBXBuildFile; fileRef = DAA1CAD0190B24F20046AA42 /* MFArrayDataSource.m */; };
		DAA262A91953A88F002B66CA /* NSString+K2K.m in Sources */ = {isa = PBXBuildFile; fileRef = DAA262A81953A88F002B66CA /* NSString+K2K.m */; };
		DAA262AC1953A8E9002B66CA /* NSArray+K2K.m in Sources */ = {isa = PBXBuildFile; fileRef = DAA262AB1953A8E9002B66CA /* NSArray+K2K.m */; };
		DAA262B31953AFF6002B66CA /* UIImage+Color.m in Sources */ = {isa = PBXBuildFile; fileRef = DAA262B21953AFF6002B66CA /* UIImage+Color.m */; };
		DAA262B61953B017002B66CA /* MFButton.m in Sources */ = {isa = PBXBuildFile; fileRef = DAA262B51953B017002B66CA /* MFButton.m */; };
		DAB7337B1A3927C500857054 /* MFPianoScrollView.m in Sources */ = {isa = PBXBuildFile; fileRef = DAB7337A1A3927C500857054 /* MFPianoScrollView.m */; };
		DAB8A1741AFF0EF0008CE3ED /* WANetwork.m in Sources */ = {isa = PBXBuildFile; fileRef = DAB8A16D1AFF0EF0008CE3ED /* WANetwork.m */; };
		DAB8A1751AFF0EF0008CE3ED /* WATableViewCell.m in Sources */ = {isa = PBXBuildFile; fileRef = DAB8A16F1AFF0EF0008CE3ED /* WATableViewCell.m */; };
		DAB8A1761AFF0EF0008CE3ED /* WATableViewController.m in Sources */ = {isa = PBXBuildFile; fileRef = DAB8A1711AFF0EF0008CE3ED /* WATableViewController.m */; };
		DAB8A1771AFF0EF0008CE3ED /* WAViewModel.m in Sources */ = {isa = PBXBuildFile; fileRef = DAB8A1731AFF0EF0008CE3ED /* WAViewModel.m */; };
		DABB801119839B7200F09368 /* MFSongListTableViewCell.m in Sources */ = {isa = PBXBuildFile; fileRef = DABB801019839B7200F09368 /* MFSongListTableViewCell.m */; };
		DABB801319839E6400F09368 /* green@2x.png in Resources */ = {isa = PBXBuildFile; fileRef = DABB801219839E6400F09368 /* green@2x.png */; };
		DABB801519839E6A00F09368 /* blue@2x.png in Resources */ = {isa = PBXBuildFile; fileRef = DABB801419839E6A00F09368 /* blue@2x.png */; };
		DADCEE8F18DD23730044455D /* music@2x.png in Resources */ = {isa = PBXBuildFile; fileRef = DADCEE8E18DD23730044455D /* music@2x.png */; };
		DADCEE9218E003FE0044455D /* MFPlayViewController.m in Sources */ = {isa = PBXBuildFile; fileRef = DADCEE9118E003FE0044455D /* MFPlayViewController.m */; };
		DADCEE9518E004350044455D /* MFBaseViewController.m in Sources */ = {isa = PBXBuildFile; fileRef = DADCEE9418E004350044455D /* MFBaseViewController.m */; };
		DADD01291956671E0073C8B7 /* return@2x.png in Resources */ = {isa = PBXBuildFile; fileRef = DADD01281956671E0073C8B7 /* return@2x.png */; };
		DADD012B1956672F0073C8B7 /* delete@2x.png in Resources */ = {isa = PBXBuildFile; fileRef = DADD012A1956672F0073C8B7 /* delete@2x.png */; };
		DAEB1100196EBBF300ADC956 /* circle@2x.png in Resources */ = {isa = PBXBuildFile; fileRef = DAEB10FF196EBBF300ADC956 /* circle@2x.png */; };
		DAEB1102196F497100ADC956 /* circle_hit@2x.png in Resources */ = {isa = PBXBuildFile; fileRef = DAEB1101196F497100ADC956 /* circle_hit@2x.png */; };
/* End PBXBuildFile section */

/* Begin PBXContainerItemProxy section */
		DA527CC718D3E623009A825E /* PBXContainerItemProxy */ = {
			isa = PBXContainerItemProxy;
			containerPortal = DA527C9618D3E623009A825E /* Project object */;
			proxyType = 1;
			remoteGlobalIDString = DA527C9D18D3E623009A825E;
			remoteInfo = MusicFeeling;
		};
/* End PBXContainerItemProxy section */

/* Begin PBXFileReference section */
		3F5F1FF58FE560BD2D99C2DB /* Pods.debug.xcconfig */ = {isa = PBXFileReference; includeInIndex = 1; lastKnownFileType = text.xcconfig; name = Pods.debug.xcconfig; path = "Pods/Target Support Files/Pods/Pods.debug.xcconfig"; sourceTree = "<group>"; };
		5656E7561786B574BB532BF1 /* Pods.release.xcconfig */ = {isa = PBXFileReference; includeInIndex = 1; lastKnownFileType = text.xcconfig; name = Pods.release.xcconfig; path = "Pods/Target Support Files/Pods/Pods.release.xcconfig"; sourceTree = "<group>"; };
		C19C32FB76D74988964FFD1F /* libPods.a */ = {isa = PBXFileReference; explicitFileType = archive.ar; includeInIndex = 0; path = libPods.a; sourceTree = BUILT_PRODUCTS_DIR; };
		DA20CF7219E77EFD00CD179B /* Base */ = {isa = PBXFileReference; lastKnownFileType = text.plist.strings; name = Base; path = Base.lproj/Localizable.strings; sourceTree = "<group>"; };
		DA20CF7419E77F2100CD179B /* zh-Hans */ = {isa = PBXFileReference; lastKnownFileType = text.plist.strings; name = "zh-Hans"; path = "zh-Hans.lproj/Main_iPhone.strings"; sourceTree = "<group>"; };
		DA20CF7519E77F2100CD179B /* zh-Hans */ = {isa = PBXFileReference; lastKnownFileType = text.plist.strings; name = "zh-Hans"; path = "zh-Hans.lproj/InfoPlist.strings"; sourceTree = "<group>"; };
		DA20CF7619E77F2100CD179B /* zh-Hans */ = {isa = PBXFileReference; lastKnownFileType = text.plist.strings; name = "zh-Hans"; path = "zh-Hans.lproj/Localizable.strings"; sourceTree = "<group>"; };
		DA20CF7719E77F2100CD179B /* zh-Hans */ = {isa = PBXFileReference; lastKnownFileType = text.plist.strings; name = "zh-Hans"; path = "zh-Hans.lproj/InfoPlist.strings"; sourceTree = "<group>"; };
		DA20CF8519E986C300CD179B /* MFUtils.h */ = {isa = PBXFileReference; fileEncoding = 4; lastKnownFileType = sourcecode.c.h; path = MFUtils.h; sourceTree = "<group>"; };
		DA20CF8619E986C300CD179B /* MFUtils.m */ = {isa = PBXFileReference; fileEncoding = 4; lastKnownFileType = sourcecode.c.objc; path = MFUtils.m; sourceTree = "<group>"; };
		DA2EF15B18EFB6C300DC1617 /* AVFoundation.framework */ = {isa = PBXFileReference; lastKnownFileType = wrapper.framework; name = AVFoundation.framework; path = System/Library/Frameworks/AVFoundation.framework; sourceTree = SDKROOT; };
		DA2EF15E18EFB89800DC1617 /* a0.mp3 */ = {isa = PBXFileReference; lastKnownFileType = audio.mp3; path = a0.mp3; sourceTree = "<group>"; };
		DA2EF15F18EFB89800DC1617 /* a0m.mp3 */ = {isa = PBXFileReference; lastKnownFileType = audio.mp3; path = a0m.mp3; sourceTree = "<group>"; };
		DA2EF16018EFB89800DC1617 /* a1.mp3 */ = {isa = PBXFileReference; lastKnownFileType = audio.mp3; path = a1.mp3; sourceTree = "<group>"; };
		DA2EF16118EFB89800DC1617 /* a1m.mp3 */ = {isa = PBXFileReference; lastKnownFileType = audio.mp3; path = a1m.mp3; sourceTree = "<group>"; };
		DA2EF16218EFB89800DC1617 /* a2.mp3 */ = {isa = PBXFileReference; lastKnownFileType = audio.mp3; path = a2.mp3; sourceTree = "<group>"; };
		DA2EF16318EFB89800DC1617 /* a2m.mp3 */ = {isa = PBXFileReference; lastKnownFileType = audio.mp3; path = a2m.mp3; sourceTree = "<group>"; };
		DA2EF16418EFB89800DC1617 /* a3.mp3 */ = {isa = PBXFileReference; lastKnownFileType = audio.mp3; path = a3.mp3; sourceTree = "<group>"; };
		DA2EF16518EFB89800DC1617 /* a3m.mp3 */ = {isa = PBXFileReference; lastKnownFileType = audio.mp3; path = a3m.mp3; sourceTree = "<group>"; };
		DA2EF16618EFB89800DC1617 /* a4.mp3 */ = {isa = PBXFileReference; lastKnownFileType = audio.mp3; path = a4.mp3; sourceTree = "<group>"; };
		DA2EF16718EFB89800DC1617 /* a4m.mp3 */ = {isa = PBXFileReference; lastKnownFileType = audio.mp3; path = a4m.mp3; sourceTree = "<group>"; };
		DA2EF16818EFB89800DC1617 /* a5.mp3 */ = {isa = PBXFileReference; lastKnownFileType = audio.mp3; path = a5.mp3; sourceTree = "<group>"; };
		DA2EF16918EFB89800DC1617 /* a5m.mp3 */ = {isa = PBXFileReference; lastKnownFileType = audio.mp3; path = a5m.mp3; sourceTree = "<group>"; };
		DA2EF16A18EFB89800DC1617 /* a6.mp3 */ = {isa = PBXFileReference; lastKnownFileType = audio.mp3; path = a6.mp3; sourceTree = "<group>"; };
		DA2EF16B18EFB89800DC1617 /* a6m.mp3 */ = {isa = PBXFileReference; lastKnownFileType = audio.mp3; path = a6m.mp3; sourceTree = "<group>"; };
		DA2EF16C18EFB89800DC1617 /* a7.mp3 */ = {isa = PBXFileReference; lastKnownFileType = audio.mp3; path = a7.mp3; sourceTree = "<group>"; };
		DA2EF16D18EFB89800DC1617 /* a7m.mp3 */ = {isa = PBXFileReference; lastKnownFileType = audio.mp3; path = a7m.mp3; sourceTree = "<group>"; };
		DA2EF16E18EFB89800DC1617 /* b0.mp3 */ = {isa = PBXFileReference; lastKnownFileType = audio.mp3; path = b0.mp3; sourceTree = "<group>"; };
		DA2EF16F18EFB89800DC1617 /* b1.mp3 */ = {isa = PBXFileReference; lastKnownFileType = audio.mp3; path = b1.mp3; sourceTree = "<group>"; };
		DA2EF17018EFB89800DC1617 /* b2.mp3 */ = {isa = PBXFileReference; lastKnownFileType = audio.mp3; path = b2.mp3; sourceTree = "<group>"; };
		DA2EF17118EFB89800DC1617 /* b3.mp3 */ = {isa = PBXFileReference; lastKnownFileType = audio.mp3; path = b3.mp3; sourceTree = "<group>"; };
		DA2EF17218EFB89800DC1617 /* b4.mp3 */ = {isa = PBXFileReference; lastKnownFileType = audio.mp3; path = b4.mp3; sourceTree = "<group>"; };
		DA2EF17318EFB89800DC1617 /* b5.mp3 */ = {isa = PBXFileReference; lastKnownFileType = audio.mp3; path = b5.mp3; sourceTree = "<group>"; };
		DA2EF17418EFB89800DC1617 /* b6.mp3 */ = {isa = PBXFileReference; lastKnownFileType = audio.mp3; path = b6.mp3; sourceTree = "<group>"; };
		DA2EF17518EFB89800DC1617 /* b7.mp3 */ = {isa = PBXFileReference; lastKnownFileType = audio.mp3; path = b7.mp3; sourceTree = "<group>"; };
		DA2EF17618EFB89800DC1617 /* c1.mp3 */ = {isa = PBXFileReference; lastKnownFileType = audio.mp3; path = c1.mp3; sourceTree = "<group>"; };
		DA2EF17718EFB89800DC1617 /* c1m.mp3 */ = {isa = PBXFileReference; lastKnownFileType = audio.mp3; path = c1m.mp3; sourceTree = "<group>"; };
		DA2EF17818EFB89800DC1617 /* c2.mp3 */ = {isa = PBXFileReference; lastKnownFileType = audio.mp3; path = c2.mp3; sourceTree = "<group>"; };
		DA2EF17918EFB89800DC1617 /* c2m.mp3 */ = {isa = PBXFileReference; lastKnownFileType = audio.mp3; path = c2m.mp3; sourceTree = "<group>"; };
		DA2EF17A18EFB89800DC1617 /* c3.mp3 */ = {isa = PBXFileReference; lastKnownFileType = audio.mp3; path = c3.mp3; sourceTree = "<group>"; };
		DA2EF17B18EFB89800DC1617 /* c3m.mp3 */ = {isa = PBXFileReference; lastKnownFileType = audio.mp3; path = c3m.mp3; sourceTree = "<group>"; };
		DA2EF17C18EFB89800DC1617 /* c4.mp3 */ = {isa = PBXFileReference; lastKnownFileType = audio.mp3; path = c4.mp3; sourceTree = "<group>"; };
		DA2EF17D18EFB89800DC1617 /* c4m.mp3 */ = {isa = PBXFileReference; lastKnownFileType = audio.mp3; path = c4m.mp3; sourceTree = "<group>"; };
		DA2EF17E18EFB89800DC1617 /* c5.mp3 */ = {isa = PBXFileReference; lastKnownFileType = audio.mp3; path = c5.mp3; sourceTree = "<group>"; };
		DA2EF17F18EFB89800DC1617 /* c5m.mp3 */ = {isa = PBXFileReference; lastKnownFileType = audio.mp3; path = c5m.mp3; sourceTree = "<group>"; };
		DA2EF18018EFB89800DC1617 /* c6.mp3 */ = {isa = PBXFileReference; lastKnownFileType = audio.mp3; path = c6.mp3; sourceTree = "<group>"; };
		DA2EF18118EFB89800DC1617 /* c6m.mp3 */ = {isa = PBXFileReference; lastKnownFileType = audio.mp3; path = c6m.mp3; sourceTree = "<group>"; };
		DA2EF18218EFB89800DC1617 /* c7.mp3 */ = {isa = PBXFileReference; lastKnownFileType = audio.mp3; path = c7.mp3; sourceTree = "<group>"; };
		DA2EF18318EFB89800DC1617 /* c7m.mp3 */ = {isa = PBXFileReference; lastKnownFileType = audio.mp3; path = c7m.mp3; sourceTree = "<group>"; };
		DA2EF18418EFB89800DC1617 /* c8.mp3 */ = {isa = PBXFileReference; lastKnownFileType = audio.mp3; path = c8.mp3; sourceTree = "<group>"; };
		DA2EF18518EFB89800DC1617 /* d1.mp3 */ = {isa = PBXFileReference; lastKnownFileType = audio.mp3; path = d1.mp3; sourceTree = "<group>"; };
		DA2EF18618EFB89800DC1617 /* d1m.mp3 */ = {isa = PBXFileReference; lastKnownFileType = audio.mp3; path = d1m.mp3; sourceTree = "<group>"; };
		DA2EF18718EFB89800DC1617 /* d2.mp3 */ = {isa = PBXFileReference; lastKnownFileType = audio.mp3; path = d2.mp3; sourceTree = "<group>"; };
		DA2EF18818EFB89800DC1617 /* d2m.mp3 */ = {isa = PBXFileReference; lastKnownFileType = audio.mp3; path = d2m.mp3; sourceTree = "<group>"; };
		DA2EF18918EFB89800DC1617 /* d3.mp3 */ = {isa = PBXFileReference; lastKnownFileType = audio.mp3; path = d3.mp3; sourceTree = "<group>"; };
		DA2EF18A18EFB89800DC1617 /* d3m.mp3 */ = {isa = PBXFileReference; lastKnownFileType = audio.mp3; path = d3m.mp3; sourceTree = "<group>"; };
		DA2EF18B18EFB89800DC1617 /* d4.mp3 */ = {isa = PBXFileReference; lastKnownFileType = audio.mp3; path = d4.mp3; sourceTree = "<group>"; };
		DA2EF18C18EFB89800DC1617 /* d4m.mp3 */ = {isa = PBXFileReference; lastKnownFileType = audio.mp3; path = d4m.mp3; sourceTree = "<group>"; };
		DA2EF18D18EFB89800DC1617 /* d5.mp3 */ = {isa = PBXFileReference; lastKnownFileType = audio.mp3; path = d5.mp3; sourceTree = "<group>"; };
		DA2EF18E18EFB89800DC1617 /* d5m.mp3 */ = {isa = PBXFileReference; lastKnownFileType = audio.mp3; path = d5m.mp3; sourceTree = "<group>"; };
		DA2EF18F18EFB89800DC1617 /* d6.mp3 */ = {isa = PBXFileReference; lastKnownFileType = audio.mp3; path = d6.mp3; sourceTree = "<group>"; };
		DA2EF19018EFB89800DC1617 /* d6m.mp3 */ = {isa = PBXFileReference; lastKnownFileType = audio.mp3; path = d6m.mp3; sourceTree = "<group>"; };
		DA2EF19118EFB89800DC1617 /* d7.mp3 */ = {isa = PBXFileReference; lastKnownFileType = audio.mp3; path = d7.mp3; sourceTree = "<group>"; };
		DA2EF19218EFB89800DC1617 /* d7m.mp3 */ = {isa = PBXFileReference; lastKnownFileType = audio.mp3; path = d7m.mp3; sourceTree = "<group>"; };
		DA2EF19318EFB89800DC1617 /* e1.mp3 */ = {isa = PBXFileReference; lastKnownFileType = audio.mp3; path = e1.mp3; sourceTree = "<group>"; };
		DA2EF19418EFB89800DC1617 /* e2.mp3 */ = {isa = PBXFileReference; lastKnownFileType = audio.mp3; path = e2.mp3; sourceTree = "<group>"; };
		DA2EF19518EFB89800DC1617 /* e3.mp3 */ = {isa = PBXFileReference; lastKnownFileType = audio.mp3; path = e3.mp3; sourceTree = "<group>"; };
		DA2EF19618EFB89800DC1617 /* e4.mp3 */ = {isa = PBXFileReference; lastKnownFileType = audio.mp3; path = e4.mp3; sourceTree = "<group>"; };
		DA2EF19718EFB89800DC1617 /* e5.mp3 */ = {isa = PBXFileReference; lastKnownFileType = audio.mp3; path = e5.mp3; sourceTree = "<group>"; };
		DA2EF19818EFB89800DC1617 /* e6.mp3 */ = {isa = PBXFileReference; lastKnownFileType = audio.mp3; path = e6.mp3; sourceTree = "<group>"; };
		DA2EF19918EFB89800DC1617 /* e7.mp3 */ = {isa = PBXFileReference; lastKnownFileType = audio.mp3; path = e7.mp3; sourceTree = "<group>"; };
		DA2EF19A18EFB89800DC1617 /* f1.mp3 */ = {isa = PBXFileReference; lastKnownFileType = audio.mp3; path = f1.mp3; sourceTree = "<group>"; };
		DA2EF19B18EFB89800DC1617 /* f1m.mp3 */ = {isa = PBXFileReference; lastKnownFileType = audio.mp3; path = f1m.mp3; sourceTree = "<group>"; };
		DA2EF19C18EFB89800DC1617 /* f2.mp3 */ = {isa = PBXFileReference; lastKnownFileType = audio.mp3; path = f2.mp3; sourceTree = "<group>"; };
		DA2EF19D18EFB89800DC1617 /* f2m.mp3 */ = {isa = PBXFileReference; lastKnownFileType = audio.mp3; path = f2m.mp3; sourceTree = "<group>"; };
		DA2EF19E18EFB89800DC1617 /* f3.mp3 */ = {isa = PBXFileReference; lastKnownFileType = audio.mp3; path = f3.mp3; sourceTree = "<group>"; };
		DA2EF19F18EFB89800DC1617 /* f3m.mp3 */ = {isa = PBXFileReference; lastKnownFileType = audio.mp3; path = f3m.mp3; sourceTree = "<group>"; };
		DA2EF1A018EFB89800DC1617 /* f4.mp3 */ = {isa = PBXFileReference; lastKnownFileType = audio.mp3; path = f4.mp3; sourceTree = "<group>"; };
		DA2EF1A118EFB89800DC1617 /* f4m.mp3 */ = {isa = PBXFileReference; lastKnownFileType = audio.mp3; path = f4m.mp3; sourceTree = "<group>"; };
		DA2EF1A218EFB89800DC1617 /* f5.mp3 */ = {isa = PBXFileReference; lastKnownFileType = audio.mp3; path = f5.mp3; sourceTree = "<group>"; };
		DA2EF1A318EFB89800DC1617 /* f5m.mp3 */ = {isa = PBXFileReference; lastKnownFileType = audio.mp3; path = f5m.mp3; sourceTree = "<group>"; };
		DA2EF1A418EFB89800DC1617 /* f6.mp3 */ = {isa = PBXFileReference; lastKnownFileType = audio.mp3; path = f6.mp3; sourceTree = "<group>"; };
		DA2EF1A518EFB89800DC1617 /* f6m.mp3 */ = {isa = PBXFileReference; lastKnownFileType = audio.mp3; path = f6m.mp3; sourceTree = "<group>"; };
		DA2EF1A618EFB89800DC1617 /* f7.mp3 */ = {isa = PBXFileReference; lastKnownFileType = audio.mp3; path = f7.mp3; sourceTree = "<group>"; };
		DA2EF1A718EFB89800DC1617 /* f7m.mp3 */ = {isa = PBXFileReference; lastKnownFileType = audio.mp3; path = f7m.mp3; sourceTree = "<group>"; };
		DA2EF1A818EFB89800DC1617 /* g1.mp3 */ = {isa = PBXFileReference; lastKnownFileType = audio.mp3; path = g1.mp3; sourceTree = "<group>"; };
		DA2EF1A918EFB89800DC1617 /* g1m.mp3 */ = {isa = PBXFileReference; lastKnownFileType = audio.mp3; path = g1m.mp3; sourceTree = "<group>"; };
		DA2EF1AA18EFB89800DC1617 /* g2.mp3 */ = {isa = PBXFileReference; lastKnownFileType = audio.mp3; path = g2.mp3; sourceTree = "<group>"; };
		DA2EF1AB18EFB89800DC1617 /* g2m.mp3 */ = {isa = PBXFileReference; lastKnownFileType = audio.mp3; path = g2m.mp3; sourceTree = "<group>"; };
		DA2EF1AC18EFB89800DC1617 /* g3.mp3 */ = {isa = PBXFileReference; lastKnownFileType = audio.mp3; path = g3.mp3; sourceTree = "<group>"; };
		DA2EF1AD18EFB89800DC1617 /* g3m.mp3 */ = {isa = PBXFileReference; lastKnownFileType = audio.mp3; path = g3m.mp3; sourceTree = "<group>"; };
		DA2EF1AE18EFB89800DC1617 /* g4.mp3 */ = {isa = PBXFileReference; lastKnownFileType = audio.mp3; path = g4.mp3; sourceTree = "<group>"; };
		DA2EF1AF18EFB89800DC1617 /* g4m.mp3 */ = {isa = PBXFileReference; lastKnownFileType = audio.mp3; path = g4m.mp3; sourceTree = "<group>"; };
		DA2EF1B018EFB89800DC1617 /* g5.mp3 */ = {isa = PBXFileReference; lastKnownFileType = audio.mp3; path = g5.mp3; sourceTree = "<group>"; };
		DA2EF1B118EFB89800DC1617 /* g5m.mp3 */ = {isa = PBXFileReference; lastKnownFileType = audio.mp3; path = g5m.mp3; sourceTree = "<group>"; };
		DA2EF1B218EFB89800DC1617 /* g6.mp3 */ = {isa = PBXFileReference; lastKnownFileType = audio.mp3; path = g6.mp3; sourceTree = "<group>"; };
		DA2EF1B318EFB89800DC1617 /* g6m.mp3 */ = {isa = PBXFileReference; lastKnownFileType = audio.mp3; path = g6m.mp3; sourceTree = "<group>"; };
		DA2EF1B418EFB89800DC1617 /* g7.mp3 */ = {isa = PBXFileReference; lastKnownFileType = audio.mp3; path = g7.mp3; sourceTree = "<group>"; };
		DA2EF1B518EFB89800DC1617 /* g7m.mp3 */ = {isa = PBXFileReference; lastKnownFileType = audio.mp3; path = g7m.mp3; sourceTree = "<group>"; };
		DA2EF21018F244C800DC1617 /* PushConfig.plist */ = {isa = PBXFileReference; fileEncoding = 4; lastKnownFileType = text.plist.xml; name = PushConfig.plist; path = MusicFeelingTests/PushConfig.plist; sourceTree = SOURCE_ROOT; };
		DA35C8D518D3FD030021BD55 /* MFCollectionViewCell.h */ = {isa = PBXFileReference; fileEncoding = 4; lastKnownFileType = sourcecode.c.h; path = MFCollectionViewCell.h; sourceTree = "<group>"; };
		DA35C8D618D3FD030021BD55 /* MFCollectionViewCell.m */ = {isa = PBXFileReference; fileEncoding = 4; lastKnownFileType = sourcecode.c.objc; path = MFCollectionViewCell.m; sourceTree = "<group>"; };
		DA35C8D818D405770021BD55 /* MFTestViewController.h */ = {isa = PBXFileReference; fileEncoding = 4; lastKnownFileType = sourcecode.c.h; path = MFTestViewController.h; sourceTree = "<group>"; };
		DA35C8D918D405770021BD55 /* MFTestViewController.m */ = {isa = PBXFileReference; fileEncoding = 4; lastKnownFileType = sourcecode.c.objc; path = MFTestViewController.m; sourceTree = "<group>"; };
		DA3E783F197258D30040403F /* star@2x.png */ = {isa = PBXFileReference; lastKnownFileType = image.png; path = "star@2x.png"; sourceTree = "<group>"; };
		DA4020F819126015003D593C /* treble_clef@2x.png */ = {isa = PBXFileReference; lastKnownFileType = image.png; path = "treble_clef@2x.png"; sourceTree = "<group>"; };
		DA4020FA19126557003D593C /* MFSettingsTableViewCell.h */ = {isa = PBXFileReference; fileEncoding = 4; lastKnownFileType = sourcecode.c.h; path = MFSettingsTableViewCell.h; sourceTree = "<group>"; };
		DA4020FB19126557003D593C /* MFSettingsTableViewCell.m */ = {isa = PBXFileReference; fileEncoding = 4; lastKnownFileType = sourcecode.c.objc; path = MFSettingsTableViewCell.m; sourceTree = "<group>"; };
		DA41D3FD18ECD43800ED4BD7 /* SLEditableTitleViewController.h */ = {isa = PBXFileReference; fileEncoding = 4; lastKnownFileType = sourcecode.c.h; path = SLEditableTitleViewController.h; sourceTree = "<group>"; };
		DA41D3FE18ECD43800ED4BD7 /* SLEditableTitleViewController.m */ = {isa = PBXFileReference; fileEncoding = 4; lastKnownFileType = sourcecode.c.objc; path = SLEditableTitleViewController.m; sourceTree = "<group>"; };
		DA41D40018ECD4E900ED4BD7 /* SLNavigationItem.h */ = {isa = PBXFileReference; fileEncoding = 4; lastKnownFileType = sourcecode.c.h; path = SLNavigationItem.h; sourceTree = "<group>"; };
		DA41D40118ECD4E900ED4BD7 /* SLNavigationItem.m */ = {isa = PBXFileReference; fileEncoding = 4; lastKnownFileType = sourcecode.c.objc; path = SLNavigationItem.m; sourceTree = "<group>"; };
		DA45477518E2476E0018874F /* MFSongListViewController.h */ = {isa = PBXFileReference; fileEncoding = 4; lastKnownFileType = sourcecode.c.h; path = MFSongListViewController.h; sourceTree = "<group>"; };
		DA45477618E2476E0018874F /* MFSongListViewController.m */ = {isa = PBXFileReference; fileEncoding = 4; lastKnownFileType = sourcecode.c.objc; path = MFSongListViewController.m; sourceTree = "<group>"; };
		DA527C9E18D3E623009A825E /* k2k.app */ = {isa = PBXFileReference; explicitFileType = wrapper.application; includeInIndex = 0; path = k2k.app; sourceTree = BUILT_PRODUCTS_DIR; };
		DA527CA118D3E623009A825E /* Foundation.framework */ = {isa = PBXFileReference; lastKnownFileType = wrapper.framework; name = Foundation.framework; path = System/Library/Frameworks/Foundation.framework; sourceTree = SDKROOT; };
		DA527CA318D3E623009A825E /* CoreGraphics.framework */ = {isa = PBXFileReference; lastKnownFileType = wrapper.framework; name = CoreGraphics.framework; path = System/Library/Frameworks/CoreGraphics.framework; sourceTree = SDKROOT; };
		DA527CA518D3E623009A825E /* UIKit.framework */ = {isa = PBXFileReference; lastKnownFileType = wrapper.framework; name = UIKit.framework; path = System/Library/Frameworks/UIKit.framework; sourceTree = SDKROOT; };
		DA527CA918D3E623009A825E /* MusicFeeling-Info.plist */ = {isa = PBXFileReference; lastKnownFileType = text.plist.xml; path = "MusicFeeling-Info.plist"; sourceTree = "<group>"; };
		DA527CAB18D3E623009A825E /* en */ = {isa = PBXFileReference; lastKnownFileType = text.plist.strings; name = en; path = en.lproj/InfoPlist.strings; sourceTree = "<group>"; };
		DA527CAD18D3E623009A825E /* main.m */ = {isa = PBXFileReference; lastKnownFileType = sourcecode.c.objc; path = main.m; sourceTree = "<group>"; };
		DA527CAF18D3E623009A825E /* MusicFeeling-Prefix.pch */ = {isa = PBXFileReference; lastKnownFileType = sourcecode.c.h; path = "MusicFeeling-Prefix.pch"; sourceTree = "<group>"; };
		DA527CB018D3E623009A825E /* MFAppDelegate.h */ = {isa = PBXFileReference; lastKnownFileType = sourcecode.c.h; path = MFAppDelegate.h; sourceTree = "<group>"; };
		DA527CB118D3E623009A825E /* MFAppDelegate.m */ = {isa = PBXFileReference; lastKnownFileType = sourcecode.c.objc; path = MFAppDelegate.m; sourceTree = "<group>"; };
		DA527CB418D3E623009A825E /* Base */ = {isa = PBXFileReference; lastKnownFileType = file.storyboard; name = Base; path = Base.lproj/Main_iPhone.storyboard; sourceTree = "<group>"; };
		DA527CB918D3E623009A825E /* MFViewController.h */ = {isa = PBXFileReference; lastKnownFileType = sourcecode.c.h; path = MFViewController.h; sourceTree = "<group>"; };
		DA527CBA18D3E623009A825E /* MFViewController.m */ = {isa = PBXFileReference; lastKnownFileType = sourcecode.c.objc; path = MFViewController.m; sourceTree = "<group>"; };
		DA527CBC18D3E623009A825E /* Images.xcassets */ = {isa = PBXFileReference; lastKnownFileType = folder.assetcatalog; path = Images.xcassets; sourceTree = "<group>"; };
		DA527CC218D3E623009A825E /* MusicFeelingTests.xctest */ = {isa = PBXFileReference; explicitFileType = wrapper.cfbundle; includeInIndex = 0; path = MusicFeelingTests.xctest; sourceTree = BUILT_PRODUCTS_DIR; };
		DA527CC318D3E623009A825E /* XCTest.framework */ = {isa = PBXFileReference; lastKnownFileType = wrapper.framework; name = XCTest.framework; path = Library/Frameworks/XCTest.framework; sourceTree = DEVELOPER_DIR; };
		DA527CCB18D3E623009A825E /* MusicFeelingTests-Info.plist */ = {isa = PBXFileReference; lastKnownFileType = text.plist.xml; path = "MusicFeelingTests-Info.plist"; sourceTree = "<group>"; };
		DA527CCD18D3E623009A825E /* en */ = {isa = PBXFileReference; lastKnownFileType = text.plist.strings; name = en; path = en.lproj/InfoPlist.strings; sourceTree = "<group>"; };
		DA527CCF18D3E623009A825E /* MusicFeelingTests.m */ = {isa = PBXFileReference; lastKnownFileType = sourcecode.c.objc; path = MusicFeelingTests.m; sourceTree = "<group>"; };
		DA6A8672191875890087E640 /* Do Re Mi.k2k.txt */ = {isa = PBXFileReference; fileEncoding = 4; lastKnownFileType = text; path = "Do Re Mi.k2k.txt"; sourceTree = "<group>"; };
		DA6A87EF191F011C0087E640 /* UIView+AutoLayout.h */ = {isa = PBXFileReference; fileEncoding = 4; lastKnownFileType = sourcecode.c.h; path = "UIView+AutoLayout.h"; sourceTree = "<group>"; };
		DA6A87F0191F011C0087E640 /* UIView+AutoLayout.m */ = {isa = PBXFileReference; fileEncoding = 4; lastKnownFileType = sourcecode.c.objc; path = "UIView+AutoLayout.m"; sourceTree = "<group>"; };
		DA865C3218DD168D00B520FF /* MFSettingViewController.h */ = {isa = PBXFileReference; fileEncoding = 4; lastKnownFileType = sourcecode.c.h; path = MFSettingViewController.h; sourceTree = "<group>"; };
		DA865C3318DD168D00B520FF /* MFSettingViewController.m */ = {isa = PBXFileReference; fileEncoding = 4; lastKnownFileType = sourcecode.c.objc; path = MFSettingViewController.m; sourceTree = "<group>"; };
		DA9C809419526A0C0029EF68 /* MFKeyboardView.h */ = {isa = PBXFileReference; fileEncoding = 4; lastKnownFileType = sourcecode.c.h; path = MFKeyboardView.h; sourceTree = "<group>"; };
		DA9C809519526A0C0029EF68 /* MFKeyboardView.m */ = {isa = PBXFileReference; fileEncoding = 4; lastKnownFileType = sourcecode.c.objc; path = MFKeyboardView.m; sourceTree = "<group>"; };
		DAA1CACF190B24F20046AA42 /* MFArrayDataSource.h */ = {isa = PBXFileReference; fileEncoding = 4; lastKnownFileType = sourcecode.c.h; path = MFArrayDataSource.h; sourceTree = "<group>"; };
		DAA1CAD0190B24F20046AA42 /* MFArrayDataSource.m */ = {isa = PBXFileReference; fileEncoding = 4; lastKnownFileType = sourcecode.c.objc; path = MFArrayDataSource.m; sourceTree = "<group>"; };
		DAA262A71953A88F002B66CA /* NSString+K2K.h */ = {isa = PBXFileReference; fileEncoding = 4; lastKnownFileType = sourcecode.c.h; path = "NSString+K2K.h"; sourceTree = "<group>"; };
		DAA262A81953A88F002B66CA /* NSString+K2K.m */ = {isa = PBXFileReference; fileEncoding = 4; lastKnownFileType = sourcecode.c.objc; path = "NSString+K2K.m"; sourceTree = "<group>"; };
		DAA262AA1953A8E9002B66CA /* NSArray+K2K.h */ = {isa = PBXFileReference; fileEncoding = 4; lastKnownFileType = sourcecode.c.h; path = "NSArray+K2K.h"; sourceTree = "<group>"; };
		DAA262AB1953A8E9002B66CA /* NSArray+K2K.m */ = {isa = PBXFileReference; fileEncoding = 4; lastKnownFileType = sourcecode.c.objc; path = "NSArray+K2K.m"; sourceTree = "<group>"; };
		DAA262AE1953ACDC002B66CA /* UtilsMacro.h */ = {isa = PBXFileReference; lastKnownFileType = sourcecode.c.h; path = UtilsMacro.h; sourceTree = "<group>"; };
		DAA262AF1953AD2C002B66CA /* AppMacro.h */ = {isa = PBXFileReference; lastKnownFileType = sourcecode.c.h; path = AppMacro.h; sourceTree = "<group>"; };
		DAA262B11953AFF6002B66CA /* UIImage+Color.h */ = {isa = PBXFileReference; fileEncoding = 4; lastKnownFileType = sourcecode.c.h; path = "UIImage+Color.h"; sourceTree = "<group>"; };
		DAA262B21953AFF6002B66CA /* UIImage+Color.m */ = {isa = PBXFileReference; fileEncoding = 4; lastKnownFileType = sourcecode.c.objc; path = "UIImage+Color.m"; sourceTree = "<group>"; };
		DAA262B41953B017002B66CA /* MFButton.h */ = {isa = PBXFileReference; fileEncoding = 4; lastKnownFileType = sourcecode.c.h; path = MFButton.h; sourceTree = "<group>"; };
		DAA262B51953B017002B66CA /* MFButton.m */ = {isa = PBXFileReference; fileEncoding = 4; lastKnownFileType = sourcecode.c.objc; path = MFButton.m; sourceTree = "<group>"; };
		DAB733791A3927C500857054 /* MFPianoScrollView.h */ = {isa = PBXFileReference; fileEncoding = 4; lastKnownFileType = sourcecode.c.h; path = MFPianoScrollView.h; sourceTree = "<group>"; };
		DAB7337A1A3927C500857054 /* MFPianoScrollView.m */ = {isa = PBXFileReference; fileEncoding = 4; lastKnownFileType = sourcecode.c.objc; path = MFPianoScrollView.m; sourceTree = "<group>"; };
		DAB8A16C1AFF0EF0008CE3ED /* WANetwork.h */ = {isa = PBXFileReference; fileEncoding = 4; lastKnownFileType = sourcecode.c.h; path = WANetwork.h; sourceTree = "<group>"; };
		DAB8A16D1AFF0EF0008CE3ED /* WANetwork.m */ = {isa = PBXFileReference; fileEncoding = 4; lastKnownFileType = sourcecode.c.objc; path = WANetwork.m; sourceTree = "<group>"; };
		DAB8A16E1AFF0EF0008CE3ED /* WATableViewCell.h */ = {isa = PBXFileReference; fileEncoding = 4; lastKnownFileType = sourcecode.c.h; path = WATableViewCell.h; sourceTree = "<group>"; };
		DAB8A16F1AFF0EF0008CE3ED /* WATableViewCell.m */ = {isa = PBXFileReference; fileEncoding = 4; lastKnownFileType = sourcecode.c.objc; path = WATableViewCell.m; sourceTree = "<group>"; };
		DAB8A1701AFF0EF0008CE3ED /* WATableViewController.h */ = {isa = PBXFileReference; fileEncoding = 4; lastKnownFileType = sourcecode.c.h; path = WATableViewController.h; sourceTree = "<group>"; };
		DAB8A1711AFF0EF0008CE3ED /* WATableViewController.m */ = {isa = PBXFileReference; fileEncoding = 4; lastKnownFileType = sourcecode.c.objc; path = WATableViewController.m; sourceTree = "<group>"; };
		DAB8A1721AFF0EF0008CE3ED /* WAViewModel.h */ = {isa = PBXFileReference; fileEncoding = 4; lastKnownFileType = sourcecode.c.h; path = WAViewModel.h; sourceTree = "<group>"; };
		DAB8A1731AFF0EF0008CE3ED /* WAViewModel.m */ = {isa = PBXFileReference; fileEncoding = 4; lastKnownFileType = sourcecode.c.objc; path = WAViewModel.m; sourceTree = "<group>"; };
		DAB8A1781AFF102F008CE3ED /* Prefix.h */ = {isa = PBXFileReference; lastKnownFileType = sourcecode.c.h; path = Prefix.h; sourceTree = "<group>"; };
		DABB800F19839B7200F09368 /* MFSongListTableViewCell.h */ = {isa = PBXFileReference; fileEncoding = 4; lastKnownFileType = sourcecode.c.h; path = MFSongListTableViewCell.h; sourceTree = "<group>"; };
		DABB801019839B7200F09368 /* MFSongListTableViewCell.m */ = {isa = PBXFileReference; fileEncoding = 4; lastKnownFileType = sourcecode.c.objc; path = MFSongListTableViewCell.m; sourceTree = "<group>"; };
		DABB801219839E6400F09368 /* green@2x.png */ = {isa = PBXFileReference; lastKnownFileType = image.png; path = "green@2x.png"; sourceTree = "<group>"; };
		DABB801419839E6A00F09368 /* blue@2x.png */ = {isa = PBXFileReference; lastKnownFileType = image.png; path = "blue@2x.png"; sourceTree = "<group>"; };
		DADCEE8E18DD23730044455D /* music@2x.png */ = {isa = PBXFileReference; lastKnownFileType = image.png; path = "music@2x.png"; sourceTree = "<group>"; };
		DADCEE9018E003FE0044455D /* MFPlayViewController.h */ = {isa = PBXFileReference; fileEncoding = 4; lastKnownFileType = sourcecode.c.h; path = MFPlayViewController.h; sourceTree = "<group>"; };
		DADCEE9118E003FE0044455D /* MFPlayViewController.m */ = {isa = PBXFileReference; fileEncoding = 4; lastKnownFileType = sourcecode.c.objc; path = MFPlayViewController.m; sourceTree = "<group>"; };
		DADCEE9318E004350044455D /* MFBaseViewController.h */ = {isa = PBXFileReference; fileEncoding = 4; lastKnownFileType = sourcecode.c.h; path = MFBaseViewController.h; sourceTree = "<group>"; };
		DADCEE9418E004350044455D /* MFBaseViewController.m */ = {isa = PBXFileReference; fileEncoding = 4; lastKnownFileType = sourcecode.c.objc; path = MFBaseViewController.m; sourceTree = "<group>"; };
		DADD01281956671E0073C8B7 /* return@2x.png */ = {isa = PBXFileReference; lastKnownFileType = image.png; path = "return@2x.png"; sourceTree = "<group>"; };
		DADD012A1956672F0073C8B7 /* delete@2x.png */ = {isa = PBXFileReference; lastKnownFileType = image.png; path = "delete@2x.png"; sourceTree = "<group>"; };
		DAEB10FF196EBBF300ADC956 /* circle@2x.png */ = {isa = PBXFileReference; lastKnownFileType = image.png; path = "circle@2x.png"; sourceTree = "<group>"; };
		DAEB1101196F497100ADC956 /* circle_hit@2x.png */ = {isa = PBXFileReference; lastKnownFileType = image.png; path = "circle_hit@2x.png"; sourceTree = "<group>"; };
/* End PBXFileReference section */

/* Begin PBXFrameworksBuildPhase section */
		DA527C9B18D3E623009A825E /* Frameworks */ = {
			isa = PBXFrameworksBuildPhase;
			buildActionMask = 2147483647;
			files = (
				DA2EF15C18EFB6C300DC1617 /* AVFoundation.framework in Frameworks */,
				DA527CA418D3E623009A825E /* CoreGraphics.framework in Frameworks */,
				DA527CA618D3E623009A825E /* UIKit.framework in Frameworks */,
				DA527CA218D3E623009A825E /* Foundation.framework in Frameworks */,
				ADA1062402CB48B79EE619A4 /* libPods.a in Frameworks */,
			);
			runOnlyForDeploymentPostprocessing = 0;
		};
		DA527CBF18D3E623009A825E /* Frameworks */ = {
			isa = PBXFrameworksBuildPhase;
			buildActionMask = 2147483647;
			files = (
				DA527CC418D3E623009A825E /* XCTest.framework in Frameworks */,
				DA527CC618D3E623009A825E /* UIKit.framework in Frameworks */,
				DA527CC518D3E623009A825E /* Foundation.framework in Frameworks */,
			);
			runOnlyForDeploymentPostprocessing = 0;
		};
/* End PBXFrameworksBuildPhase section */

/* Begin PBXGroup section */
		B1355B88DAF58FB5C51E4F60 /* Pods */ = {
			isa = PBXGroup;
			children = (
				3F5F1FF58FE560BD2D99C2DB /* Pods.debug.xcconfig */,
				5656E7561786B574BB532BF1 /* Pods.release.xcconfig */,
			);
			name = Pods;
			sourceTree = "<group>";
		};
		DA2EF15D18EFB89800DC1617 /* Piano */ = {
			isa = PBXGroup;
			children = (
				DA2EF15E18EFB89800DC1617 /* a0.mp3 */,
				DA2EF15F18EFB89800DC1617 /* a0m.mp3 */,
				DA2EF16018EFB89800DC1617 /* a1.mp3 */,
				DA2EF16118EFB89800DC1617 /* a1m.mp3 */,
				DA2EF16218EFB89800DC1617 /* a2.mp3 */,
				DA2EF16318EFB89800DC1617 /* a2m.mp3 */,
				DA2EF16418EFB89800DC1617 /* a3.mp3 */,
				DA2EF16518EFB89800DC1617 /* a3m.mp3 */,
				DA2EF16618EFB89800DC1617 /* a4.mp3 */,
				DA2EF16718EFB89800DC1617 /* a4m.mp3 */,
				DA2EF16818EFB89800DC1617 /* a5.mp3 */,
				DA2EF16918EFB89800DC1617 /* a5m.mp3 */,
				DA2EF16A18EFB89800DC1617 /* a6.mp3 */,
				DA2EF16B18EFB89800DC1617 /* a6m.mp3 */,
				DA2EF16C18EFB89800DC1617 /* a7.mp3 */,
				DA2EF16D18EFB89800DC1617 /* a7m.mp3 */,
				DA2EF16E18EFB89800DC1617 /* b0.mp3 */,
				DA2EF16F18EFB89800DC1617 /* b1.mp3 */,
				DA2EF17018EFB89800DC1617 /* b2.mp3 */,
				DA2EF17118EFB89800DC1617 /* b3.mp3 */,
				DA2EF17218EFB89800DC1617 /* b4.mp3 */,
				DA2EF17318EFB89800DC1617 /* b5.mp3 */,
				DA2EF17418EFB89800DC1617 /* b6.mp3 */,
				DA2EF17518EFB89800DC1617 /* b7.mp3 */,
				DA2EF17618EFB89800DC1617 /* c1.mp3 */,
				DA2EF17718EFB89800DC1617 /* c1m.mp3 */,
				DA2EF17818EFB89800DC1617 /* c2.mp3 */,
				DA2EF17918EFB89800DC1617 /* c2m.mp3 */,
				DA2EF17A18EFB89800DC1617 /* c3.mp3 */,
				DA2EF17B18EFB89800DC1617 /* c3m.mp3 */,
				DA2EF17C18EFB89800DC1617 /* c4.mp3 */,
				DA2EF17D18EFB89800DC1617 /* c4m.mp3 */,
				DA2EF17E18EFB89800DC1617 /* c5.mp3 */,
				DA2EF17F18EFB89800DC1617 /* c5m.mp3 */,
				DA2EF18018EFB89800DC1617 /* c6.mp3 */,
				DA2EF18118EFB89800DC1617 /* c6m.mp3 */,
				DA2EF18218EFB89800DC1617 /* c7.mp3 */,
				DA2EF18318EFB89800DC1617 /* c7m.mp3 */,
				DA2EF18418EFB89800DC1617 /* c8.mp3 */,
				DA2EF18518EFB89800DC1617 /* d1.mp3 */,
				DA2EF18618EFB89800DC1617 /* d1m.mp3 */,
				DA2EF18718EFB89800DC1617 /* d2.mp3 */,
				DA2EF18818EFB89800DC1617 /* d2m.mp3 */,
				DA2EF18918EFB89800DC1617 /* d3.mp3 */,
				DA2EF18A18EFB89800DC1617 /* d3m.mp3 */,
				DA2EF18B18EFB89800DC1617 /* d4.mp3 */,
				DA2EF18C18EFB89800DC1617 /* d4m.mp3 */,
				DA2EF18D18EFB89800DC1617 /* d5.mp3 */,
				DA2EF18E18EFB89800DC1617 /* d5m.mp3 */,
				DA2EF18F18EFB89800DC1617 /* d6.mp3 */,
				DA2EF19018EFB89800DC1617 /* d6m.mp3 */,
				DA2EF19118EFB89800DC1617 /* d7.mp3 */,
				DA2EF19218EFB89800DC1617 /* d7m.mp3 */,
				DA2EF19318EFB89800DC1617 /* e1.mp3 */,
				DA2EF19418EFB89800DC1617 /* e2.mp3 */,
				DA2EF19518EFB89800DC1617 /* e3.mp3 */,
				DA2EF19618EFB89800DC1617 /* e4.mp3 */,
				DA2EF19718EFB89800DC1617 /* e5.mp3 */,
				DA2EF19818EFB89800DC1617 /* e6.mp3 */,
				DA2EF19918EFB89800DC1617 /* e7.mp3 */,
				DA2EF19A18EFB89800DC1617 /* f1.mp3 */,
				DA2EF19B18EFB89800DC1617 /* f1m.mp3 */,
				DA2EF19C18EFB89800DC1617 /* f2.mp3 */,
				DA2EF19D18EFB89800DC1617 /* f2m.mp3 */,
				DA2EF19E18EFB89800DC1617 /* f3.mp3 */,
				DA2EF19F18EFB89800DC1617 /* f3m.mp3 */,
				DA2EF1A018EFB89800DC1617 /* f4.mp3 */,
				DA2EF1A118EFB89800DC1617 /* f4m.mp3 */,
				DA2EF1A218EFB89800DC1617 /* f5.mp3 */,
				DA2EF1A318EFB89800DC1617 /* f5m.mp3 */,
				DA2EF1A418EFB89800DC1617 /* f6.mp3 */,
				DA2EF1A518EFB89800DC1617 /* f6m.mp3 */,
				DA2EF1A618EFB89800DC1617 /* f7.mp3 */,
				DA2EF1A718EFB89800DC1617 /* f7m.mp3 */,
				DA2EF1A818EFB89800DC1617 /* g1.mp3 */,
				DA2EF1A918EFB89800DC1617 /* g1m.mp3 */,
				DA2EF1AA18EFB89800DC1617 /* g2.mp3 */,
				DA2EF1AB18EFB89800DC1617 /* g2m.mp3 */,
				DA2EF1AC18EFB89800DC1617 /* g3.mp3 */,
				DA2EF1AD18EFB89800DC1617 /* g3m.mp3 */,
				DA2EF1AE18EFB89800DC1617 /* g4.mp3 */,
				DA2EF1AF18EFB89800DC1617 /* g4m.mp3 */,
				DA2EF1B018EFB89800DC1617 /* g5.mp3 */,
				DA2EF1B118EFB89800DC1617 /* g5m.mp3 */,
				DA2EF1B218EFB89800DC1617 /* g6.mp3 */,
				DA2EF1B318EFB89800DC1617 /* g6m.mp3 */,
				DA2EF1B418EFB89800DC1617 /* g7.mp3 */,
				DA2EF1B518EFB89800DC1617 /* g7m.mp3 */,
			);
			path = Piano;
			sourceTree = "<group>";
		};
		DA527C9518D3E623009A825E = {
			isa = PBXGroup;
			children = (
				DAB8A1781AFF102F008CE3ED /* Prefix.h */,
				DAB8A16B1AFF0EF0008CE3ED /* WAComponents */,
				DAA262B01953AFDB002B66CA /* View */,
				DAA262AD1953AC8C002B66CA /* Macros */,
				DA6A87EE191F011C0087E640 /* Categories */,
				DA527CD918D3E6E0009A825E /* resources */,
				DA527CA718D3E623009A825E /* MusicFeeling */,
				DA527CC918D3E623009A825E /* MusicFeelingTests */,
				DA527CA018D3E623009A825E /* Frameworks */,
				DA527C9F18D3E623009A825E /* Products */,
				B1355B88DAF58FB5C51E4F60 /* Pods */,
			);
			sourceTree = "<group>";
		};
		DA527C9F18D3E623009A825E /* Products */ = {
			isa = PBXGroup;
			children = (
				DA527C9E18D3E623009A825E /* k2k.app */,
				DA527CC218D3E623009A825E /* MusicFeelingTests.xctest */,
			);
			name = Products;
			sourceTree = "<group>";
		};
		DA527CA018D3E623009A825E /* Frameworks */ = {
			isa = PBXGroup;
			children = (
				DA2EF15B18EFB6C300DC1617 /* AVFoundation.framework */,
				DA527CA118D3E623009A825E /* Foundation.framework */,
				DA527CA318D3E623009A825E /* CoreGraphics.framework */,
				DA527CA518D3E623009A825E /* UIKit.framework */,
				DA527CC318D3E623009A825E /* XCTest.framework */,
				C19C32FB76D74988964FFD1F /* libPods.a */,
			);
			name = Frameworks;
			sourceTree = "<group>";
		};
		DA527CA718D3E623009A825E /* MusicFeeling */ = {
			isa = PBXGroup;
			children = (
				DAA1CACF190B24F20046AA42 /* MFArrayDataSource.h */,
				DAA1CAD0190B24F20046AA42 /* MFArrayDataSource.m */,
				DA527CB018D3E623009A825E /* MFAppDelegate.h */,
				DA527CB118D3E623009A825E /* MFAppDelegate.m */,
				DA527CB318D3E623009A825E /* Main_iPhone.storyboard */,
				DADCEE9318E004350044455D /* MFBaseViewController.h */,
				DADCEE9418E004350044455D /* MFBaseViewController.m */,
				DA527CB918D3E623009A825E /* MFViewController.h */,
				DA527CBA18D3E623009A825E /* MFViewController.m */,
				DA35C8D518D3FD030021BD55 /* MFCollectionViewCell.h */,
				DA35C8D618D3FD030021BD55 /* MFCollectionViewCell.m */,
				DA35C8D818D405770021BD55 /* MFTestViewController.h */,
				DA35C8D918D405770021BD55 /* MFTestViewController.m */,
				DA865C3218DD168D00B520FF /* MFSettingViewController.h */,
				DA865C3318DD168D00B520FF /* MFSettingViewController.m */,
				DA4020FA19126557003D593C /* MFSettingsTableViewCell.h */,
				DA4020FB19126557003D593C /* MFSettingsTableViewCell.m */,
				DA45477518E2476E0018874F /* MFSongListViewController.h */,
				DA45477618E2476E0018874F /* MFSongListViewController.m */,
				DABB800F19839B7200F09368 /* MFSongListTableViewCell.h */,
				DABB801019839B7200F09368 /* MFSongListTableViewCell.m */,
				DADCEE9018E003FE0044455D /* MFPlayViewController.h */,
				DADCEE9118E003FE0044455D /* MFPlayViewController.m */,
				DAB733791A3927C500857054 /* MFPianoScrollView.h */,
				DAB7337A1A3927C500857054 /* MFPianoScrollView.m */,
				DA9C809419526A0C0029EF68 /* MFKeyboardView.h */,
				DA9C809519526A0C0029EF68 /* MFKeyboardView.m */,
				DA41D40018ECD4E900ED4BD7 /* SLNavigationItem.h */,
				DA41D40118ECD4E900ED4BD7 /* SLNavigationItem.m */,
				DA41D3FD18ECD43800ED4BD7 /* SLEditableTitleViewController.h */,
				DA41D3FE18ECD43800ED4BD7 /* SLEditableTitleViewController.m */,
				DA527CBC18D3E623009A825E /* Images.xcassets */,
				DA527CA818D3E623009A825E /* Supporting Files */,
				DA20CF8519E986C300CD179B /* MFUtils.h */,
				DA20CF8619E986C300CD179B /* MFUtils.m */,
			);
			path = MusicFeeling;
			sourceTree = "<group>";
		};
		DA527CA818D3E623009A825E /* Supporting Files */ = {
			isa = PBXGroup;
			children = (
				DA527CA918D3E623009A825E /* MusicFeeling-Info.plist */,
				DA527CAA18D3E623009A825E /* InfoPlist.strings */,
				DA527CAD18D3E623009A825E /* main.m */,
				DA2EF21018F244C800DC1617 /* PushConfig.plist */,
				DA527CAF18D3E623009A825E /* MusicFeeling-Prefix.pch */,
				DA20CF7319E77EFD00CD179B /* Localizable.strings */,
			);
			name = "Supporting Files";
			sourceTree = "<group>";
		};
		DA527CC918D3E623009A825E /* MusicFeelingTests */ = {
			isa = PBXGroup;
			children = (
				DA527CCF18D3E623009A825E /* MusicFeelingTests.m */,
				DA527CCA18D3E623009A825E /* Supporting Files */,
			);
			path = MusicFeelingTests;
			sourceTree = "<group>";
		};
		DA527CCA18D3E623009A825E /* Supporting Files */ = {
			isa = PBXGroup;
			children = (
				DA527CCB18D3E623009A825E /* MusicFeelingTests-Info.plist */,
				DA527CCC18D3E623009A825E /* InfoPlist.strings */,
			);
			name = "Supporting Files";
			sourceTree = "<group>";
		};
		DA527CD918D3E6E0009A825E /* resources */ = {
			isa = PBXGroup;
			children = (
				DABB801419839E6A00F09368 /* blue@2x.png */,
				DABB801219839E6400F09368 /* green@2x.png */,
				DAEB10FF196EBBF300ADC956 /* circle@2x.png */,
				DAEB1101196F497100ADC956 /* circle_hit@2x.png */,
				DA3E783F197258D30040403F /* star@2x.png */,
				DADD012A1956672F0073C8B7 /* delete@2x.png */,
				DADD01281956671E0073C8B7 /* return@2x.png */,
				DA4020F819126015003D593C /* treble_clef@2x.png */,
				DADCEE8E18DD23730044455D /* music@2x.png */,
				DA6A8672191875890087E640 /* Do Re Mi.k2k.txt */,
				DA2EF15D18EFB89800DC1617 /* Piano */,
			);
			path = resources;
			sourceTree = "<group>";
		};
		DA6A87EE191F011C0087E640 /* Categories */ = {
			isa = PBXGroup;
			children = (
				DAA262B11953AFF6002B66CA /* UIImage+Color.h */,
				DAA262B21953AFF6002B66CA /* UIImage+Color.m */,
				DA6A87EF191F011C0087E640 /* UIView+AutoLayout.h */,
				DA6A87F0191F011C0087E640 /* UIView+AutoLayout.m */,
				DAA262A71953A88F002B66CA /* NSString+K2K.h */,
				DAA262A81953A88F002B66CA /* NSString+K2K.m */,
				DAA262AA1953A8E9002B66CA /* NSArray+K2K.h */,
				DAA262AB1953A8E9002B66CA /* NSArray+K2K.m */,
			);
			path = Categories;
			sourceTree = "<group>";
		};
		DAA262AD1953AC8C002B66CA /* Macros */ = {
			isa = PBXGroup;
			children = (
				DAA262AE1953ACDC002B66CA /* UtilsMacro.h */,
				DAA262AF1953AD2C002B66CA /* AppMacro.h */,
			);
			path = Macros;
			sourceTree = "<group>";
		};
		DAA262B01953AFDB002B66CA /* View */ = {
			isa = PBXGroup;
			children = (
				DAA262B41953B017002B66CA /* MFButton.h */,
				DAA262B51953B017002B66CA /* MFButton.m */,
			);
			path = View;
			sourceTree = "<group>";
		};
		DAB8A16B1AFF0EF0008CE3ED /* WAComponents */ = {
			isa = PBXGroup;
			children = (
				DAB8A16C1AFF0EF0008CE3ED /* WANetwork.h */,
				DAB8A16D1AFF0EF0008CE3ED /* WANetwork.m */,
				DAB8A16E1AFF0EF0008CE3ED /* WATableViewCell.h */,
				DAB8A16F1AFF0EF0008CE3ED /* WATableViewCell.m */,
				DAB8A1701AFF0EF0008CE3ED /* WATableViewController.h */,
				DAB8A1711AFF0EF0008CE3ED /* WATableViewController.m */,
				DAB8A1721AFF0EF0008CE3ED /* WAViewModel.h */,
				DAB8A1731AFF0EF0008CE3ED /* WAViewModel.m */,
			);
			path = WAComponents;
			sourceTree = "<group>";
		};
/* End PBXGroup section */

/* Begin PBXNativeTarget section */
		DA527C9D18D3E623009A825E /* k2k */ = {
			isa = PBXNativeTarget;
			buildConfigurationList = DA527CD318D3E623009A825E /* Build configuration list for PBXNativeTarget "k2k" */;
			buildPhases = (
				7484A8F2F5F2420C81C98148 /* Check Pods Manifest.lock */,
				DA527C9A18D3E623009A825E /* Sources */,
				DA527C9B18D3E623009A825E /* Frameworks */,
				DA527C9C18D3E623009A825E /* Resources */,
				DA35C8D218D3F9A20021BD55 /* ShellScript */,
				0A50DF3D672A42A38705359D /* Copy Pods Resources */,
			);
			buildRules = (
			);
			dependencies = (
			);
			name = k2k;
			productName = MusicFeeling;
			productReference = DA527C9E18D3E623009A825E /* k2k.app */;
			productType = "com.apple.product-type.application";
		};
		DA527CC118D3E623009A825E /* MusicFeelingTests */ = {
			isa = PBXNativeTarget;
			buildConfigurationList = DA527CD618D3E623009A825E /* Build configuration list for PBXNativeTarget "MusicFeelingTests" */;
			buildPhases = (
				DA527CBE18D3E623009A825E /* Sources */,
				DA527CBF18D3E623009A825E /* Frameworks */,
				DA527CC018D3E623009A825E /* Resources */,
			);
			buildRules = (
			);
			dependencies = (
				DA527CC818D3E623009A825E /* PBXTargetDependency */,
			);
			name = MusicFeelingTests;
			productName = MusicFeelingTests;
			productReference = DA527CC218D3E623009A825E /* MusicFeelingTests.xctest */;
			productType = "com.apple.product-type.bundle.unit-test";
		};
/* End PBXNativeTarget section */

/* Begin PBXProject section */
		DA527C9618D3E623009A825E /* Project object */ = {
			isa = PBXProject;
			attributes = {
				CLASSPREFIX = MF;
				LastUpgradeCheck = 0510;
				ORGANIZATIONNAME = amoblin;
				TargetAttributes = {
					DA527C9D18D3E623009A825E = {
						DevelopmentTeam = 5ELCMRHSMM;
						SystemCapabilities = {
							com.apple.BackgroundModes = {
								enabled = 1;
							};
							com.apple.iOS = {
								enabled = 0;
							};
						};
					};
					DA527CC118D3E623009A825E = {
						TestTargetID = DA527C9D18D3E623009A825E;
					};
				};
			};
			buildConfigurationList = DA527C9918D3E623009A825E /* Build configuration list for PBXProject "MusicFeeling" */;
			compatibilityVersion = "Xcode 3.2";
			developmentRegion = English;
			hasScannedForEncodings = 0;
			knownRegions = (
				en,
				Base,
				"zh-Hans",
			);
			mainGroup = DA527C9518D3E623009A825E;
			productRefGroup = DA527C9F18D3E623009A825E /* Products */;
			projectDirPath = "";
			projectRoot = "";
			targets = (
				DA527C9D18D3E623009A825E /* k2k */,
				DA527CC118D3E623009A825E /* MusicFeelingTests */,
			);
		};
/* End PBXProject section */

/* Begin PBXResourcesBuildPhase section */
		DA527C9C18D3E623009A825E /* Resources */ = {
			isa = PBXResourcesBuildPhase;
			buildActionMask = 2147483647;
			files = (
				DA2EF1D618EFB89800DC1617 /* c5.mp3 in Resources */,
				DA2EF1E418EFB89800DC1617 /* d4m.mp3 in Resources */,
				DA2EF20218EFB89800DC1617 /* g2.mp3 in Resources */,
				DA2EF1C018EFB89800DC1617 /* a5.mp3 in Resources */,
				DA2EF1D518EFB89800DC1617 /* c4m.mp3 in Resources */,
				DAEB1102196F497100ADC956 /* circle_hit@2x.png in Resources */,
				DA2EF1FB18EFB89800DC1617 /* f5m.mp3 in Resources */,
				DA2EF1E318EFB89800DC1617 /* d4.mp3 in Resources */,
				DA2EF1CD18EFB89800DC1617 /* b7.mp3 in Resources */,
				DA2EF1E218EFB89800DC1617 /* d3m.mp3 in Resources */,
				DA2EF20818EFB89800DC1617 /* g5.mp3 in Resources */,
				DAEB1100196EBBF300ADC956 /* circle@2x.png in Resources */,
				DA2EF1F718EFB89800DC1617 /* f3m.mp3 in Resources */,
				DA2EF20518EFB89800DC1617 /* g3m.mp3 in Resources */,
				DA2EF1D718EFB89800DC1617 /* c5m.mp3 in Resources */,
				DA2EF1E818EFB89800DC1617 /* d6m.mp3 in Resources */,
				DA2EF1DE18EFB89800DC1617 /* d1m.mp3 in Resources */,
				DA2EF1C418EFB89800DC1617 /* a7.mp3 in Resources */,
				DA2EF1DA18EFB89800DC1617 /* c7.mp3 in Resources */,
				DA2EF1E618EFB89800DC1617 /* d5m.mp3 in Resources */,
				DABB801319839E6400F09368 /* green@2x.png in Resources */,
				DA2EF1BC18EFB89800DC1617 /* a3.mp3 in Resources */,
				DA2EF1D818EFB89800DC1617 /* c6.mp3 in Resources */,
				DA2EF1C918EFB89800DC1617 /* b3.mp3 in Resources */,
				DA2EF1DD18EFB89800DC1617 /* d1.mp3 in Resources */,
				DA2EF1EA18EFB89800DC1617 /* d7m.mp3 in Resources */,
				DA2EF1C718EFB89800DC1617 /* b1.mp3 in Resources */,
				DA6A8673191875890087E640 /* Do Re Mi.k2k.txt in Resources */,
				DA2EF1F318EFB89800DC1617 /* f1m.mp3 in Resources */,
				DA2EF1D218EFB89800DC1617 /* c3.mp3 in Resources */,
				DA2EF1EC18EFB89800DC1617 /* e2.mp3 in Resources */,
				DA2EF1D918EFB89800DC1617 /* c6m.mp3 in Resources */,
				DA2EF21218F2472E00DC1617 /* PushConfig.plist in Resources */,
				DA2EF1C218EFB89800DC1617 /* a6.mp3 in Resources */,
				DA2EF20B18EFB89800DC1617 /* g6m.mp3 in Resources */,
				DA2EF1BD18EFB89800DC1617 /* a3m.mp3 in Resources */,
				DA2EF1BB18EFB89800DC1617 /* a2m.mp3 in Resources */,
				DA4020F919126015003D593C /* treble_clef@2x.png in Resources */,
				DA2EF1FF18EFB89800DC1617 /* f7m.mp3 in Resources */,
				DA2EF1E018EFB89800DC1617 /* d2m.mp3 in Resources */,
				DA2EF1B718EFB89800DC1617 /* a0m.mp3 in Resources */,
				DA2EF1D018EFB89800DC1617 /* c2.mp3 in Resources */,
				DA2EF1C518EFB89800DC1617 /* a7m.mp3 in Resources */,
				DA2EF1F618EFB89800DC1617 /* f3.mp3 in Resources */,
				DA2EF1CE18EFB89800DC1617 /* c1.mp3 in Resources */,
				DA2EF20D18EFB89800DC1617 /* g7m.mp3 in Resources */,
				DA2EF1B618EFB89800DC1617 /* a0.mp3 in Resources */,
				DA2EF1BF18EFB89800DC1617 /* a4m.mp3 in Resources */,
				DA2EF1B818EFB89800DC1617 /* a1.mp3 in Resources */,
				DADD01291956671E0073C8B7 /* return@2x.png in Resources */,
				DA2EF1FE18EFB89800DC1617 /* f7.mp3 in Resources */,
				DA2EF1E518EFB89800DC1617 /* d5.mp3 in Resources */,
				DA2EF1ED18EFB89800DC1617 /* e3.mp3 in Resources */,
				DA2EF1EF18EFB89800DC1617 /* e5.mp3 in Resources */,
				DA2EF1F418EFB89800DC1617 /* f2.mp3 in Resources */,
				DA2EF1EE18EFB89800DC1617 /* e4.mp3 in Resources */,
				DA2EF1DC18EFB89800DC1617 /* c8.mp3 in Resources */,
				DA2EF1CB18EFB89800DC1617 /* b5.mp3 in Resources */,
				DA2EF1CA18EFB89800DC1617 /* b4.mp3 in Resources */,
				DA2EF1D418EFB89800DC1617 /* c4.mp3 in Resources */,
				DA2EF1F518EFB89800DC1617 /* f2m.mp3 in Resources */,
				DADCEE8F18DD23730044455D /* music@2x.png in Resources */,
				DA2EF1C318EFB89800DC1617 /* a6m.mp3 in Resources */,
				DA2EF20318EFB89800DC1617 /* g2m.mp3 in Resources */,
				DA2EF1E718EFB89800DC1617 /* d6.mp3 in Resources */,
				DA2EF1C818EFB89800DC1617 /* b2.mp3 in Resources */,
				DA2EF1E918EFB89800DC1617 /* d7.mp3 in Resources */,
				DA2EF1C618EFB89800DC1617 /* b0.mp3 in Resources */,
				DA20CF7119E77EFD00CD179B /* Localizable.strings in Resources */,
				DA2EF1FC18EFB89800DC1617 /* f6.mp3 in Resources */,
				DA2EF20C18EFB89800DC1617 /* g7.mp3 in Resources */,
				DA2EF1B918EFB89800DC1617 /* a1m.mp3 in Resources */,
				DADD012B1956672F0073C8B7 /* delete@2x.png in Resources */,
				DA2EF1F218EFB89800DC1617 /* f1.mp3 in Resources */,
				DA2EF20A18EFB89800DC1617 /* g6.mp3 in Resources */,
				DA2EF1F818EFB89800DC1617 /* f4.mp3 in Resources */,
				DA2EF20718EFB89800DC1617 /* g4m.mp3 in Resources */,
				DA2EF1C118EFB89800DC1617 /* a5m.mp3 in Resources */,
				DA2EF1CC18EFB89800DC1617 /* b6.mp3 in Resources */,
				DA2EF1F118EFB89800DC1617 /* e7.mp3 in Resources */,
				DA2EF1D118EFB89800DC1617 /* c2m.mp3 in Resources */,
				DA2EF20618EFB89800DC1617 /* g4.mp3 in Resources */,
				DA2EF1CF18EFB89800DC1617 /* c1m.mp3 in Resources */,
				DA2EF1DF18EFB89800DC1617 /* d2.mp3 in Resources */,
				DA527CBD18D3E623009A825E /* Images.xcassets in Resources */,
				DA2EF20418EFB89800DC1617 /* g3.mp3 in Resources */,
				DA3E7840197258D30040403F /* star@2x.png in Resources */,
				DA2EF20118EFB89800DC1617 /* g1m.mp3 in Resources */,
				DA527CB518D3E623009A825E /* Main_iPhone.storyboard in Resources */,
				DA2EF1FD18EFB89800DC1617 /* f6m.mp3 in Resources */,
				DA2EF20018EFB89800DC1617 /* g1.mp3 in Resources */,
				DABB801519839E6A00F09368 /* blue@2x.png in Resources */,
				DA2EF1E118EFB89800DC1617 /* d3.mp3 in Resources */,
				DA2EF1FA18EFB89800DC1617 /* f5.mp3 in Resources */,
				DA2EF1EB18EFB89800DC1617 /* e1.mp3 in Resources */,
				DA2EF1F918EFB89800DC1617 /* f4m.mp3 in Resources */,
				DA2EF1DB18EFB89800DC1617 /* c7m.mp3 in Resources */,
				DA2EF1D318EFB89800DC1617 /* c3m.mp3 in Resources */,
				DA2EF1BE18EFB89800DC1617 /* a4.mp3 in Resources */,
				DA2EF1F018EFB89800DC1617 /* e6.mp3 in Resources */,
				DA527CAC18D3E623009A825E /* InfoPlist.strings in Resources */,
				DA2EF20918EFB89800DC1617 /* g5m.mp3 in Resources */,
				DA2EF1BA18EFB89800DC1617 /* a2.mp3 in Resources */,
			);
			runOnlyForDeploymentPostprocessing = 0;
		};
		DA527CC018D3E623009A825E /* Resources */ = {
			isa = PBXResourcesBuildPhase;
			buildActionMask = 2147483647;
			files = (
				DA527CCE18D3E623009A825E /* InfoPlist.strings in Resources */,
			);
			runOnlyForDeploymentPostprocessing = 0;
		};
/* End PBXResourcesBuildPhase section */

/* Begin PBXShellScriptBuildPhase section */
		0A50DF3D672A42A38705359D /* Copy Pods Resources */ = {
			isa = PBXShellScriptBuildPhase;
			buildActionMask = 2147483647;
			files = (
			);
			inputPaths = (
			);
			name = "Copy Pods Resources";
			outputPaths = (
			);
			runOnlyForDeploymentPostprocessing = 0;
			shellPath = /bin/sh;
			shellScript = "\"${SRCROOT}/Pods/Target Support Files/Pods/Pods-resources.sh\"\n";
			showEnvVarsInLog = 0;
		};
		7484A8F2F5F2420C81C98148 /* Check Pods Manifest.lock */ = {
			isa = PBXShellScriptBuildPhase;
			buildActionMask = 2147483647;
			files = (
			);
			inputPaths = (
			);
			name = "Check Pods Manifest.lock";
			outputPaths = (
			);
			runOnlyForDeploymentPostprocessing = 0;
			shellPath = /bin/sh;
			shellScript = "diff \"${PODS_ROOT}/../Podfile.lock\" \"${PODS_ROOT}/Manifest.lock\" > /dev/null\nif [[ $? != 0 ]] ; then\n    cat << EOM\nerror: The sandbox is not in sync with the Podfile.lock. Run 'pod install' or update your CocoaPods installation.\nEOM\n    exit 1\nfi\n";
			showEnvVarsInLog = 0;
		};
		DA35C8D218D3F9A20021BD55 /* ShellScript */ = {
			isa = PBXShellScriptBuildPhase;
			buildActionMask = 2147483647;
			files = (
			);
			inputPaths = (
			);
			outputPaths = (
			);
			runOnlyForDeploymentPostprocessing = 0;
			shellPath = /bin/sh;
			shellScript = "";
		};
/* End PBXShellScriptBuildPhase section */

/* Begin PBXSourcesBuildPhase section */
		DA527C9A18D3E623009A825E /* Sources */ = {
			isa = PBXSourcesBuildPhase;
			buildActionMask = 2147483647;
			files = (
				DAB8A1741AFF0EF0008CE3ED /* WANetwork.m in Sources */,
				DA527CAE18D3E623009A825E /* main.m in Sources */,
				DA35C8DA18D405770021BD55 /* MFTestViewController.m in Sources */,
				DA20CF8719E986C300CD179B /* MFUtils.m in Sources */,
				DA9C809619526A0C0029EF68 /* MFKeyboardView.m in Sources */,
				DA45477718E2476E0018874F /* MFSongListViewController.m in Sources */,
				DAA262B61953B017002B66CA /* MFButton.m in Sources */,
				DAB8A1761AFF0EF0008CE3ED /* WATableViewController.m in Sources */,
				DAA262A91953A88F002B66CA /* NSString+K2K.m in Sources */,
				DAB7337B1A3927C500857054 /* MFPianoScrollView.m in Sources */,
				DAB8A1751AFF0EF0008CE3ED /* WATableViewCell.m in Sources */,
				DAB8A1771AFF0EF0008CE3ED /* WAViewModel.m in Sources */,
				DA4020FC19126557003D593C /* MFSettingsTableViewCell.m in Sources */,
				DADCEE9518E004350044455D /* MFBaseViewController.m in Sources */,
				DA41D3FF18ECD43800ED4BD7 /* SLEditableTitleViewController.m in Sources */,
				DADCEE9218E003FE0044455D /* MFPlayViewController.m in Sources */,
				DA527CBB18D3E623009A825E /* MFViewController.m in Sources */,
				DA6A87F1191F011C0087E640 /* UIView+AutoLayout.m in Sources */,
				DAA262AC1953A8E9002B66CA /* NSArray+K2K.m in Sources */,
				DA41D40218ECD4E900ED4BD7 /* SLNavigationItem.m in Sources */,
				DABB801119839B7200F09368 /* MFSongListTableViewCell.m in Sources */,
				DA865C3418DD168D00B520FF /* MFSettingViewController.m in Sources */,
				DA35C8D718D3FD030021BD55 /* MFCollectionViewCell.m in Sources */,
				DAA262B31953AFF6002B66CA /* UIImage+Color.m in Sources */,
				DA527CB218D3E623009A825E /* MFAppDelegate.m in Sources */,
				DAA1CAD1190B24F20046AA42 /* MFArrayDataSource.m in Sources */,
			);
			runOnlyForDeploymentPostprocessing = 0;
		};
		DA527CBE18D3E623009A825E /* Sources */ = {
			isa = PBXSourcesBuildPhase;
			buildActionMask = 2147483647;
			files = (
				DA527CD018D3E623009A825E /* MusicFeelingTests.m in Sources */,
			);
			runOnlyForDeploymentPostprocessing = 0;
		};
/* End PBXSourcesBuildPhase section */

/* Begin PBXTargetDependency section */
		DA527CC818D3E623009A825E /* PBXTargetDependency */ = {
			isa = PBXTargetDependency;
			target = DA527C9D18D3E623009A825E /* k2k */;
			targetProxy = DA527CC718D3E623009A825E /* PBXContainerItemProxy */;
		};
/* End PBXTargetDependency section */

/* Begin PBXVariantGroup section */
		DA20CF7319E77EFD00CD179B /* Localizable.strings */ = {
			isa = PBXVariantGroup;
			children = (
				DA20CF7219E77EFD00CD179B /* Base */,
				DA20CF7619E77F2100CD179B /* zh-Hans */,
			);
			name = Localizable.strings;
			sourceTree = "<group>";
		};
		DA527CAA18D3E623009A825E /* InfoPlist.strings */ = {
			isa = PBXVariantGroup;
			children = (
				DA527CAB18D3E623009A825E /* en */,
				DA20CF7519E77F2100CD179B /* zh-Hans */,
			);
			name = InfoPlist.strings;
			sourceTree = "<group>";
		};
		DA527CB318D3E623009A825E /* Main_iPhone.storyboard */ = {
			isa = PBXVariantGroup;
			children = (
				DA527CB418D3E623009A825E /* Base */,
				DA20CF7419E77F2100CD179B /* zh-Hans */,
			);
			name = Main_iPhone.storyboard;
			sourceTree = "<group>";
		};
		DA527CCC18D3E623009A825E /* InfoPlist.strings */ = {
			isa = PBXVariantGroup;
			children = (
				DA527CCD18D3E623009A825E /* en */,
				DA20CF7719E77F2100CD179B /* zh-Hans */,
			);
			name = InfoPlist.strings;
			sourceTree = "<group>";
		};
/* End PBXVariantGroup section */

/* Begin XCBuildConfiguration section */
		DA527CD118D3E623009A825E /* Debug */ = {
			isa = XCBuildConfiguration;
			buildSettings = {
				ALWAYS_SEARCH_USER_PATHS = NO;
				ARCHS = (
					"$(ARCHS_STANDARD)",
					armv7s,
				);
				CLANG_CXX_LANGUAGE_STANDARD = "gnu++0x";
				CLANG_CXX_LIBRARY = "libc++";
				CLANG_ENABLE_MODULES = YES;
				CLANG_ENABLE_OBJC_ARC = YES;
				CLANG_WARN_BOOL_CONVERSION = YES;
				CLANG_WARN_CONSTANT_CONVERSION = YES;
				CLANG_WARN_DIRECT_OBJC_ISA_USAGE = YES_ERROR;
				CLANG_WARN_EMPTY_BODY = YES;
				CLANG_WARN_ENUM_CONVERSION = YES;
				CLANG_WARN_INT_CONVERSION = YES;
				CLANG_WARN_OBJC_ROOT_CLASS = YES_ERROR;
				CLANG_WARN__DUPLICATE_METHOD_MATCH = YES;
				CODE_SIGN_IDENTITY = "iPhone Developer: CUI GUILIN (2L2Z2R7J6H)";
				"CODE_SIGN_IDENTITY[sdk=iphoneos*]" = "iPhone Developer: CUI GUILIN (2L2Z2R7J6H)";
				COPY_PHASE_STRIP = NO;
				GCC_C_LANGUAGE_STANDARD = gnu99;
				GCC_DYNAMIC_NO_PIC = NO;
				GCC_OPTIMIZATION_LEVEL = 0;
				GCC_PREPROCESSOR_DEFINITIONS = (
					"DEBUG=1",
					"$(inherited)",
				);
				GCC_SYMBOLS_PRIVATE_EXTERN = NO;
				GCC_WARN_64_TO_32_BIT_CONVERSION = YES;
				GCC_WARN_ABOUT_RETURN_TYPE = YES_ERROR;
				GCC_WARN_UNDECLARED_SELECTOR = YES;
				GCC_WARN_UNINITIALIZED_AUTOS = YES_AGGRESSIVE;
				GCC_WARN_UNUSED_FUNCTION = YES;
				GCC_WARN_UNUSED_VARIABLE = YES;
				IPHONEOS_DEPLOYMENT_TARGET = 6.0;
				ONLY_ACTIVE_ARCH = YES;
				PROVISIONING_PROFILE = "4AF3F0C2-B340-4D74-9D4B-E8F38544CB6A";
				SDKROOT = iphoneos;
				TARGETED_DEVICE_FAMILY = "1,2";
			};
			name = Debug;
		};
		DA527CD218D3E623009A825E /* Release */ = {
			isa = XCBuildConfiguration;
			buildSettings = {
				ALWAYS_SEARCH_USER_PATHS = NO;
				ARCHS = (
					"$(ARCHS_STANDARD)",
					armv7s,
				);
				CLANG_CXX_LANGUAGE_STANDARD = "gnu++0x";
				CLANG_CXX_LIBRARY = "libc++";
				CLANG_ENABLE_MODULES = YES;
				CLANG_ENABLE_OBJC_ARC = YES;
				CLANG_WARN_BOOL_CONVERSION = YES;
				CLANG_WARN_CONSTANT_CONVERSION = YES;
				CLANG_WARN_DIRECT_OBJC_ISA_USAGE = YES_ERROR;
				CLANG_WARN_EMPTY_BODY = YES;
				CLANG_WARN_ENUM_CONVERSION = YES;
				CLANG_WARN_INT_CONVERSION = YES;
				CLANG_WARN_OBJC_ROOT_CLASS = YES_ERROR;
				CLANG_WARN__DUPLICATE_METHOD_MATCH = YES;
				CODE_SIGN_IDENTITY = "iPhone Distribution: CUI GUILIN (5ELCMRHSMM)";
				"CODE_SIGN_IDENTITY[sdk=iphoneos*]" = "iPhone Distribution: CUI GUILIN (5ELCMRHSMM)";
				COPY_PHASE_STRIP = YES;
				ENABLE_NS_ASSERTIONS = NO;
				GCC_C_LANGUAGE_STANDARD = gnu99;
				GCC_WARN_64_TO_32_BIT_CONVERSION = YES;
				GCC_WARN_ABOUT_RETURN_TYPE = YES_ERROR;
				GCC_WARN_UNDECLARED_SELECTOR = YES;
				GCC_WARN_UNINITIALIZED_AUTOS = YES_AGGRESSIVE;
				GCC_WARN_UNUSED_FUNCTION = YES;
				GCC_WARN_UNUSED_VARIABLE = YES;
				IPHONEOS_DEPLOYMENT_TARGET = 6.0;
				PROVISIONING_PROFILE = "414E92CB-9D16-4948-B5A5-C24D0505CF03";
				SDKROOT = iphoneos;
				TARGETED_DEVICE_FAMILY = "1,2";
				VALIDATE_PRODUCT = YES;
			};
			name = Release;
		};
		DA527CD418D3E623009A825E /* Debug */ = {
			isa = XCBuildConfiguration;
			baseConfigurationReference = 3F5F1FF58FE560BD2D99C2DB /* Pods.debug.xcconfig */;
			buildSettings = {
				ARCHS = (
					"$(ARCHS_STANDARD)",
					armv7s,
				);
				ASSETCATALOG_COMPILER_APPICON_NAME = AppIcon;
				ASSETCATALOG_COMPILER_LAUNCHIMAGE_NAME = LaunchImage;
				CODE_SIGN_IDENTITY = "iPhone Developer";
				"CODE_SIGN_IDENTITY[sdk=iphoneos*]" = "iPhone Developer";
				CODE_SIGN_RESOURCE_RULES_PATH = "$(SDKROOT)/ResourceRules.plist";
				FRAMEWORK_SEARCH_PATHS = (
					"$(inherited)",
					"$(PROJECT_DIR)",
				);
				GCC_PRECOMPILE_PREFIX_HEADER = YES;
				GCC_PREFIX_HEADER = "MusicFeeling/MusicFeeling-Prefix.pch";
				HEADER_SEARCH_PATHS = "$(inherited)";
				INFOPLIST_FILE = "MusicFeeling/MusicFeeling-Info.plist";
				IPHONEOS_DEPLOYMENT_TARGET = 6.1;
				LIBRARY_SEARCH_PATHS = (
					"\"$(PODS_ROOT)/UMengAnalytics/**\"",
					"\"$(PODS_ROOT)/UMengFeedback/**\"",
					"\"$(PODS_ROOT)/UMengMessage/UMessage_Sdk_1.1.0/**\"",
					"$(inherited)",
				);
				OTHER_LDFLAGS = "$(inherited)";
				PRODUCT_NAME = "$(TARGET_NAME)";
				PROVISIONING_PROFILE = "";
				WRAPPER_EXTENSION = app;
			};
			name = Debug;
		};
		DA527CD518D3E623009A825E /* Release */ = {
			isa = XCBuildConfiguration;
			baseConfigurationReference = 5656E7561786B574BB532BF1 /* Pods.release.xcconfig */;
			buildSettings = {
				ARCHS = (
					"$(ARCHS_STANDARD)",
					armv7s,
				);
				ASSETCATALOG_COMPILER_APPICON_NAME = AppIcon;
				ASSETCATALOG_COMPILER_LAUNCHIMAGE_NAME = LaunchImage;
				CODE_SIGN_IDENTITY = "iPhone Distribution";
				"CODE_SIGN_IDENTITY[sdk=iphoneos*]" = "iPhone Distribution";
				CODE_SIGN_RESOURCE_RULES_PATH = "$(SDKROOT)/ResourceRules.plist";
				FRAMEWORK_SEARCH_PATHS = (
					"$(inherited)",
					"$(PROJECT_DIR)",
				);
				GCC_PRECOMPILE_PREFIX_HEADER = YES;
				GCC_PREFIX_HEADER = "MusicFeeling/MusicFeeling-Prefix.pch";
				HEADER_SEARCH_PATHS = "$(inherited)";
				INFOPLIST_FILE = "MusicFeeling/MusicFeeling-Info.plist";
				IPHONEOS_DEPLOYMENT_TARGET = 6.1;
				LIBRARY_SEARCH_PATHS = (
					"\"$(PODS_ROOT)/UMengAnalytics/**\"",
					"\"$(PODS_ROOT)/UMengFeedback/**\"",
					"\"$(PODS_ROOT)/UMengMessage/UMessage_Sdk_1.1.0/**\"",
					"$(inherited)",
				);
				OTHER_LDFLAGS = "$(inherited)";
				PRODUCT_NAME = "$(TARGET_NAME)";
				PROVISIONING_PROFILE = "78381818-9104-49b6-a1e1-4ad6fde1190c";
				WRAPPER_EXTENSION = app;
			};
			name = Release;
		};
		DA527CD718D3E623009A825E /* Debug */ = {
			isa = XCBuildConfiguration;
			buildSettings = {
				BUNDLE_LOADER = "$(BUILT_PRODUCTS_DIR)/MusicFeeling.app/MusicFeeling";
				FRAMEWORK_SEARCH_PATHS = (
					"$(SDKROOT)/Developer/Library/Frameworks",
					"$(inherited)",
					"$(DEVELOPER_FRAMEWORKS_DIR)",
				);
				GCC_PRECOMPILE_PREFIX_HEADER = YES;
				GCC_PREFIX_HEADER = "MusicFeeling/MusicFeeling-Prefix.pch";
				GCC_PREPROCESSOR_DEFINITIONS = (
					"DEBUG=1",
					"$(inherited)",
				);
				INFOPLIST_FILE = "MusicFeelingTests/MusicFeelingTests-Info.plist";
				PRODUCT_NAME = "$(TARGET_NAME)";
				TEST_HOST = "$(BUNDLE_LOADER)";
				WRAPPER_EXTENSION = xctest;
			};
			name = Debug;
		};
		DA527CD818D3E623009A825E /* Release */ = {
			isa = XCBuildConfiguration;
			buildSettings = {
				BUNDLE_LOADER = "$(BUILT_PRODUCTS_DIR)/MusicFeeling.app/MusicFeeling";
				FRAMEWORK_SEARCH_PATHS = (
					"$(SDKROOT)/Developer/Library/Frameworks",
					"$(inherited)",
					"$(DEVELOPER_FRAMEWORKS_DIR)",
				);
				GCC_PRECOMPILE_PREFIX_HEADER = YES;
				GCC_PREFIX_HEADER = "MusicFeeling/MusicFeeling-Prefix.pch";
				INFOPLIST_FILE = "MusicFeelingTests/MusicFeelingTests-Info.plist";
				PRODUCT_NAME = "$(TARGET_NAME)";
				TEST_HOST = "$(BUNDLE_LOADER)";
				WRAPPER_EXTENSION = xctest;
			};
			name = Release;
		};
/* End XCBuildConfiguration section */

/* Begin XCConfigurationList section */
		DA527C9918D3E623009A825E /* Build configuration list for PBXProject "MusicFeeling" */ = {
			isa = XCConfigurationList;
			buildConfigurations = (
				DA527CD118D3E623009A825E /* Debug */,
				DA527CD218D3E623009A825E /* Release */,
			);
			defaultConfigurationIsVisible = 0;
			defaultConfigurationName = Release;
		};
		DA527CD318D3E623009A825E /* Build configuration list for PBXNativeTarget "k2k" */ = {
			isa = XCConfigurationList;
			buildConfigurations = (
				DA527CD418D3E623009A825E /* Debug */,
				DA527CD518D3E623009A825E /* Release */,
			);
			defaultConfigurationIsVisible = 0;
			defaultConfigurationName = Release;
		};
		DA527CD618D3E623009A825E /* Build configuration list for PBXNativeTarget "MusicFeelingTests" */ = {
			isa = XCConfigurationList;
			buildConfigurations = (
				DA527CD718D3E623009A825E /* Debug */,
				DA527CD818D3E623009A825E /* Release */,
			);
			defaultConfigurationIsVisible = 0;
			defaultConfigurationName = Release;
		};
/* End XCConfigurationList section */
	};
	rootObject = DA527C9618D3E623009A825E /* Project object */;
}
